// !$*UTF8*$!
{
	archiveVersion = 1;
	classes = {
	};
	objectVersion = 46;
	objects = {

/* Begin PBXBuildFile section */
		04253FA819DC52040087C4A5 /* Icon-120.png in Resources */ = {isa = PBXBuildFile; fileRef = 04253FA519DC52040087C4A5 /* Icon-120.png */; };
		04253FA919DC52040087C4A5 /* Icon.png in Resources */ = {isa = PBXBuildFile; fileRef = 04253FA619DC52040087C4A5 /* Icon.png */; };
		04253FAA19DC52040087C4A5 /* Icon@2x.png in Resources */ = {isa = PBXBuildFile; fileRef = 04253FA719DC52040087C4A5 /* Icon@2x.png */; };
		04335DEB1A20CB900054715B /* DRNRealTimeBlurView.m in Sources */ = {isa = PBXBuildFile; fileRef = 04335DE81A20CB900054715B /* DRNRealTimeBlurView.m */; };
		04335DEC1A20CB900054715B /* UIImage+BoxBlur.m in Sources */ = {isa = PBXBuildFile; fileRef = 04335DEA1A20CB900054715B /* UIImage+BoxBlur.m */; };
		04335DEF1A20DC6D0054715B /* waitting.png in Resources */ = {isa = PBXBuildFile; fileRef = 04335DEE1A20DC6D0054715B /* waitting.png */; };
		0441B76B1A2E02DD006B836A /* PulsingHaloLayer.m in Sources */ = {isa = PBXBuildFile; fileRef = 0441B76A1A2E02DD006B836A /* PulsingHaloLayer.m */; };
		044AA98F1A16229F001DE8BD /* QQConnection.framework in Frameworks */ = {isa = PBXBuildFile; fileRef = 044AA96A1A16229F001DE8BD /* QQConnection.framework */; };
		044AA9901A16229F001DE8BD /* QZoneConnection.framework in Frameworks */ = {isa = PBXBuildFile; fileRef = 044AA96B1A16229F001DE8BD /* QZoneConnection.framework */; };
		044AA9911A16229F001DE8BD /* RenRenConnection.framework in Frameworks */ = {isa = PBXBuildFile; fileRef = 044AA96C1A16229F001DE8BD /* RenRenConnection.framework */; };
		044AA9921A16229F001DE8BD /* SinaWeiboConnection.framework in Frameworks */ = {isa = PBXBuildFile; fileRef = 044AA96D1A16229F001DE8BD /* SinaWeiboConnection.framework */; };
		044AA9931A16229F001DE8BD /* TencentWeiboConnection.framework in Frameworks */ = {isa = PBXBuildFile; fileRef = 044AA96E1A16229F001DE8BD /* TencentWeiboConnection.framework */; };
		044AA9941A16229F001DE8BD /* WeChatConnection.framework in Frameworks */ = {isa = PBXBuildFile; fileRef = 044AA96F1A16229F001DE8BD /* WeChatConnection.framework */; };
		044AA9951A16229F001DE8BD /* AGCommon.framework in Frameworks */ = {isa = PBXBuildFile; fileRef = 044AA9711A16229F001DE8BD /* AGCommon.framework */; };
		044AA9961A16229F001DE8BD /* ShareSDKLocalizable.strings in Resources */ = {isa = PBXBuildFile; fileRef = 044AA9721A16229F001DE8BD /* ShareSDKLocalizable.strings */; };
		044AA9971A16229F001DE8BD /* Resource.bundle in Resources */ = {isa = PBXBuildFile; fileRef = 044AA9741A16229F001DE8BD /* Resource.bundle */; };
		044AA9981A16229F001DE8BD /* ShareSDKCoreService.framework in Frameworks */ = {isa = PBXBuildFile; fileRef = 044AA9751A16229F001DE8BD /* ShareSDKCoreService.framework */; };
		044AA9991A16229F001DE8BD /* TencentOpenAPI.framework in Frameworks */ = {isa = PBXBuildFile; fileRef = 044AA9791A16229F001DE8BD /* TencentOpenAPI.framework */; };
		044AA99A1A16229F001DE8BD /* TencentOpenApi_IOS_Bundle.bundle in Resources */ = {isa = PBXBuildFile; fileRef = 044AA97A1A16229F001DE8BD /* TencentOpenApi_IOS_Bundle.bundle */; };
		044AA99B1A16229F001DE8BD /* RennSDK.bundle in Resources */ = {isa = PBXBuildFile; fileRef = 044AA97C1A16229F001DE8BD /* RennSDK.bundle */; };
		044AA99C1A16229F001DE8BD /* RennSDK.framework in Frameworks */ = {isa = PBXBuildFile; fileRef = 044AA97D1A16229F001DE8BD /* RennSDK.framework */; };
		044AA99D1A16229F001DE8BD /* libSinaWeiboSDK.a in Frameworks */ = {isa = PBXBuildFile; fileRef = 044AA97F1A16229F001DE8BD /* libSinaWeiboSDK.a */; };
		044AA99E1A16229F001DE8BD /* WeiboSDK.bundle in Resources */ = {isa = PBXBuildFile; fileRef = 044AA9801A16229F001DE8BD /* WeiboSDK.bundle */; };
		044AA99F1A16229F001DE8BD /* libTCWeiboSDK.a in Frameworks */ = {isa = PBXBuildFile; fileRef = 044AA9831A16229F001DE8BD /* libTCWeiboSDK.a */; };
		044AA9A01A16229F001DE8BD /* libWeChatSDK.a in Frameworks */ = {isa = PBXBuildFile; fileRef = 044AA9861A16229F001DE8BD /* libWeChatSDK.a */; };
		044AA9A11A16229F001DE8BD /* ShareSDK.framework in Frameworks */ = {isa = PBXBuildFile; fileRef = 044AA9891A16229F001DE8BD /* ShareSDK.framework */; };
		044AA9A21A16229F001DE8BD /* ShareSDK备注.rtf in Resources */ = {isa = PBXBuildFile; fileRef = 044AA98A1A16229F001DE8BD /* ShareSDK备注.rtf */; };
		044AA9A31A16229F001DE8BD /* ShareSDKFlatShareViewUI.bundle in Resources */ = {isa = PBXBuildFile; fileRef = 044AA98C1A16229F001DE8BD /* ShareSDKFlatShareViewUI.bundle */; };
		044AA9A41A16229F001DE8BD /* ShareSDKFlatShareViewUI.framework in Frameworks */ = {isa = PBXBuildFile; fileRef = 044AA98D1A16229F001DE8BD /* ShareSDKFlatShareViewUI.framework */; };
		044AA9A51A16229F001DE8BD /* ShareSDKShareActionSheet.framework in Frameworks */ = {isa = PBXBuildFile; fileRef = 044AA98E1A16229F001DE8BD /* ShareSDKShareActionSheet.framework */; };
		044AA9A71A1622C0001DE8BD /* SystemConfiguration.framework in Frameworks */ = {isa = PBXBuildFile; fileRef = 044AA9A61A1622C0001DE8BD /* SystemConfiguration.framework */; };
		044AA9A91A1622D6001DE8BD /* CoreTelephony.framework in Frameworks */ = {isa = PBXBuildFile; fileRef = 044AA9A81A1622D6001DE8BD /* CoreTelephony.framework */; };
		044AA9AB1A1622E5001DE8BD /* libicucore.dylib in Frameworks */ = {isa = PBXBuildFile; fileRef = 044AA9AA1A1622E5001DE8BD /* libicucore.dylib */; };
		044AA9AD1A1622F5001DE8BD /* libz.1.2.5.dylib in Frameworks */ = {isa = PBXBuildFile; fileRef = 044AA9AC1A1622F5001DE8BD /* libz.1.2.5.dylib */; };
		044AA9AF1A1622FB001DE8BD /* Security.framework in Frameworks */ = {isa = PBXBuildFile; fileRef = 044AA9AE1A1622FB001DE8BD /* Security.framework */; };
		044AA9B11A162307001DE8BD /* libstdc++.dylib in Frameworks */ = {isa = PBXBuildFile; fileRef = 044AA9B01A162307001DE8BD /* libstdc++.dylib */; };
		044AA9B31A162410001DE8BD /* libsqlite3.dylib in Frameworks */ = {isa = PBXBuildFile; fileRef = 044AA9B21A162410001DE8BD /* libsqlite3.dylib */; };
		044AA9B51A162736001DE8BD /* share.png in Resources */ = {isa = PBXBuildFile; fileRef = 044AA9B41A162736001DE8BD /* share.png */; };
		044D53B11A0E637600D13456 /* AVFoundation.framework in Frameworks */ = {isa = PBXBuildFile; fileRef = 044D53B01A0E637600D13456 /* AVFoundation.framework */; };
		044D53DD1A0E673700D13456 /* clound.png in Resources */ = {isa = PBXBuildFile; fileRef = 044D53B41A0E673700D13456 /* clound.png */; };
		044D53DF1A0E673700D13456 /* 1.png in Resources */ = {isa = PBXBuildFile; fileRef = 044D53B81A0E673700D13456 /* 1.png */; };
		044D53E01A0E673700D13456 /* 2.png in Resources */ = {isa = PBXBuildFile; fileRef = 044D53B91A0E673700D13456 /* 2.png */; };
		044D53E11A0E673700D13456 /* 3.png in Resources */ = {isa = PBXBuildFile; fileRef = 044D53BA1A0E673700D13456 /* 3.png */; };
		044D53E21A0E673700D13456 /* 4.png in Resources */ = {isa = PBXBuildFile; fileRef = 044D53BB1A0E673700D13456 /* 4.png */; };
		044D53E31A0E673700D13456 /* 5.png in Resources */ = {isa = PBXBuildFile; fileRef = 044D53BC1A0E673700D13456 /* 5.png */; };
		044D53E41A0E673700D13456 /* 6.png in Resources */ = {isa = PBXBuildFile; fileRef = 044D53BD1A0E673700D13456 /* 6.png */; };
		044D53E51A0E673700D13456 /* 7.png in Resources */ = {isa = PBXBuildFile; fileRef = 044D53BE1A0E673700D13456 /* 7.png */; };
		044D53E61A0E673700D13456 /* glede.png in Resources */ = {isa = PBXBuildFile; fileRef = 044D53C01A0E673700D13456 /* glede.png */; };
		044D53E71A0E673700D13456 /* glede1.png in Resources */ = {isa = PBXBuildFile; fileRef = 044D53C11A0E673700D13456 /* glede1.png */; };
		044D53E81A0E673700D13456 /* glede2.png in Resources */ = {isa = PBXBuildFile; fileRef = 044D53C21A0E673700D13456 /* glede2.png */; };
		044D53E91A0E673700D13456 /* ground_1.png in Resources */ = {isa = PBXBuildFile; fileRef = 044D53C31A0E673700D13456 /* ground_1.png */; };
		044D53EA1A0E673700D13456 /* ground_2.png in Resources */ = {isa = PBXBuildFile; fileRef = 044D53C41A0E673700D13456 /* ground_2.png */; };
		044D53EB1A0E673700D13456 /* ground_3.png in Resources */ = {isa = PBXBuildFile; fileRef = 044D53C51A0E673700D13456 /* ground_3.png */; };
		044D53EC1A0E673700D13456 /* paopao_L.png in Resources */ = {isa = PBXBuildFile; fileRef = 044D53C71A0E673700D13456 /* paopao_L.png */; };
		044D53ED1A0E673700D13456 /* paopao_R.png in Resources */ = {isa = PBXBuildFile; fileRef = 044D53C81A0E673700D13456 /* paopao_R.png */; };
		044D53EE1A0E673700D13456 /* rail.png in Resources */ = {isa = PBXBuildFile; fileRef = 044D53C91A0E673700D13456 /* rail.png */; };
		044D53EF1A0E673700D13456 /* sky.png in Resources */ = {isa = PBXBuildFile; fileRef = 044D53CA1A0E673700D13456 /* sky.png */; };
		044D53F11A0E673700D13456 /* sun.png in Resources */ = {isa = PBXBuildFile; fileRef = 044D53CC1A0E673700D13456 /* sun.png */; };
		044D53F21A0E673700D13456 /* tree1.png in Resources */ = {isa = PBXBuildFile; fileRef = 044D53CE1A0E673700D13456 /* tree1.png */; };
		044D53F31A0E673700D13456 /* tree2.png in Resources */ = {isa = PBXBuildFile; fileRef = 044D53CF1A0E673700D13456 /* tree2.png */; };
		044D53F41A0E673700D13456 /* tree3.png in Resources */ = {isa = PBXBuildFile; fileRef = 044D53D01A0E673700D13456 /* tree3.png */; };
		044D53F51A0E673700D13456 /* tree4.png in Resources */ = {isa = PBXBuildFile; fileRef = 044D53D11A0E673700D13456 /* tree4.png */; };
		044D53F61A0E673700D13456 /* tree5.png in Resources */ = {isa = PBXBuildFile; fileRef = 044D53D21A0E673700D13456 /* tree5.png */; };
		044D53F71A0E673700D13456 /* tuzi.png in Resources */ = {isa = PBXBuildFile; fileRef = 044D53D31A0E673700D13456 /* tuzi.png */; };
		044D53F81A0E673700D13456 /* tuzi2.png in Resources */ = {isa = PBXBuildFile; fileRef = 044D53D41A0E673700D13456 /* tuzi2.png */; };
		044D53F91A0E673700D13456 /* yun.png in Resources */ = {isa = PBXBuildFile; fileRef = 044D53D51A0E673700D13456 /* yun.png */; };
		044D53FA1A0E673700D13456 /* bgmusic.mp3 in Resources */ = {isa = PBXBuildFile; fileRef = 044D53D71A0E673700D13456 /* bgmusic.mp3 */; };
		044D53FB1A0E673700D13456 /* storyMusic.mp3 in Resources */ = {isa = PBXBuildFile; fileRef = 044D53D81A0E673700D13456 /* storyMusic.mp3 */; };
		044D53FF1A0E675300D13456 /* Localizable.strings in Resources */ = {isa = PBXBuildFile; fileRef = 044D53FD1A0E675300D13456 /* Localizable.strings */; };
		04575D161A0FA707007FD0EE /* play.png in Resources */ = {isa = PBXBuildFile; fileRef = 04575D141A0FA707007FD0EE /* play.png */; };
		04575D171A0FA707007FD0EE /* stop.png in Resources */ = {isa = PBXBuildFile; fileRef = 04575D151A0FA707007FD0EE /* stop.png */; };
		0458D8B319D8496C00F7E62D /* AudioToolbox.framework in Frameworks */ = {isa = PBXBuildFile; fileRef = 0458D8B219D8496C00F7E62D /* AudioToolbox.framework */; };
		045994261A137D1100B4615F /* paopao1.png in Resources */ = {isa = PBXBuildFile; fileRef = 045994251A137D1100B4615F /* paopao1.png */; };
		045994721A13AA4200B4615F /* CheckPostView.m in Sources */ = {isa = PBXBuildFile; fileRef = 0459942C1A13AA4100B4615F /* CheckPostView.m */; };
		045994731A13AA4200B4615F /* SceneView.m in Sources */ = {isa = PBXBuildFile; fileRef = 0459942E1A13AA4200B4615F /* SceneView.m */; };
		045994741A13AA4200B4615F /* StoryView.m in Sources */ = {isa = PBXBuildFile; fileRef = 045994301A13AA4200B4615F /* StoryView.m */; };
		045994771A13AA4200B4615F /* Localizable.strings in Resources */ = {isa = PBXBuildFile; fileRef = 045994371A13AA4200B4615F /* Localizable.strings */; };
		045994791A13AA4200B4615F /* clound.png in Resources */ = {isa = PBXBuildFile; fileRef = 0459943B1A13AA4200B4615F /* clound.png */; };
		0459947B1A13AA4200B4615F /* 1.png in Resources */ = {isa = PBXBuildFile; fileRef = 0459943F1A13AA4200B4615F /* 1.png */; };
		0459947C1A13AA4200B4615F /* 2.png in Resources */ = {isa = PBXBuildFile; fileRef = 045994401A13AA4200B4615F /* 2.png */; };
		0459947D1A13AA4200B4615F /* 3.png in Resources */ = {isa = PBXBuildFile; fileRef = 045994411A13AA4200B4615F /* 3.png */; };
		0459947E1A13AA4200B4615F /* 4.png in Resources */ = {isa = PBXBuildFile; fileRef = 045994421A13AA4200B4615F /* 4.png */; };
		0459947F1A13AA4200B4615F /* 5.png in Resources */ = {isa = PBXBuildFile; fileRef = 045994431A13AA4200B4615F /* 5.png */; };
		045994801A13AA4200B4615F /* 6.png in Resources */ = {isa = PBXBuildFile; fileRef = 045994441A13AA4200B4615F /* 6.png */; };
		045994811A13AA4200B4615F /* 7.png in Resources */ = {isa = PBXBuildFile; fileRef = 045994451A13AA4200B4615F /* 7.png */; };
		045994821A13AA4200B4615F /* glede.png in Resources */ = {isa = PBXBuildFile; fileRef = 045994471A13AA4200B4615F /* glede.png */; };
		045994831A13AA4200B4615F /* glede1.png in Resources */ = {isa = PBXBuildFile; fileRef = 045994481A13AA4200B4615F /* glede1.png */; };
		045994841A13AA4200B4615F /* glede2.png in Resources */ = {isa = PBXBuildFile; fileRef = 045994491A13AA4200B4615F /* glede2.png */; };
		045994851A13AA4200B4615F /* ground_1.png in Resources */ = {isa = PBXBuildFile; fileRef = 0459944A1A13AA4200B4615F /* ground_1.png */; };
		045994861A13AA4200B4615F /* ground_2.png in Resources */ = {isa = PBXBuildFile; fileRef = 0459944B1A13AA4200B4615F /* ground_2.png */; };
		045994871A13AA4200B4615F /* ground_3.png in Resources */ = {isa = PBXBuildFile; fileRef = 0459944C1A13AA4200B4615F /* ground_3.png */; };
		045994881A13AA4200B4615F /* lock.png in Resources */ = {isa = PBXBuildFile; fileRef = 0459944E1A13AA4200B4615F /* lock.png */; };
		045994891A13AA4200B4615F /* paopao0.png in Resources */ = {isa = PBXBuildFile; fileRef = 0459944F1A13AA4200B4615F /* paopao0.png */; };
		0459948A1A13AA4200B4615F /* paopao1.png in Resources */ = {isa = PBXBuildFile; fileRef = 045994501A13AA4200B4615F /* paopao1.png */; };
		0459948B1A13AA4200B4615F /* paopao_L.png in Resources */ = {isa = PBXBuildFile; fileRef = 045994511A13AA4200B4615F /* paopao_L.png */; };
		0459948C1A13AA4200B4615F /* paopao_R.png in Resources */ = {isa = PBXBuildFile; fileRef = 045994521A13AA4200B4615F /* paopao_R.png */; };
		0459948D1A13AA4200B4615F /* play.png in Resources */ = {isa = PBXBuildFile; fileRef = 045994531A13AA4200B4615F /* play.png */; };
		0459948E1A13AA4200B4615F /* rail.png in Resources */ = {isa = PBXBuildFile; fileRef = 045994541A13AA4200B4615F /* rail.png */; };
		0459948F1A13AA4200B4615F /* sky.png in Resources */ = {isa = PBXBuildFile; fileRef = 045994551A13AA4200B4615F /* sky.png */; };
		045994901A13AA4200B4615F /* stop.png in Resources */ = {isa = PBXBuildFile; fileRef = 045994561A13AA4200B4615F /* stop.png */; };
		045994921A13AA4200B4615F /* sun.png in Resources */ = {isa = PBXBuildFile; fileRef = 045994581A13AA4200B4615F /* sun.png */; };
		045994931A13AA4200B4615F /* tree1.png in Resources */ = {isa = PBXBuildFile; fileRef = 0459945A1A13AA4200B4615F /* tree1.png */; };
		045994941A13AA4200B4615F /* tree2.png in Resources */ = {isa = PBXBuildFile; fileRef = 0459945B1A13AA4200B4615F /* tree2.png */; };
		045994951A13AA4200B4615F /* tree3.png in Resources */ = {isa = PBXBuildFile; fileRef = 0459945C1A13AA4200B4615F /* tree3.png */; };
		045994961A13AA4200B4615F /* tree4.png in Resources */ = {isa = PBXBuildFile; fileRef = 0459945D1A13AA4200B4615F /* tree4.png */; };
		045994971A13AA4200B4615F /* tree5.png in Resources */ = {isa = PBXBuildFile; fileRef = 0459945E1A13AA4200B4615F /* tree5.png */; };
		045994981A13AA4200B4615F /* tuzi.png in Resources */ = {isa = PBXBuildFile; fileRef = 0459945F1A13AA4200B4615F /* tuzi.png */; };
		045994991A13AA4200B4615F /* tuzi2.png in Resources */ = {isa = PBXBuildFile; fileRef = 045994601A13AA4200B4615F /* tuzi2.png */; };
		0459949A1A13AA4200B4615F /* yun.png in Resources */ = {isa = PBXBuildFile; fileRef = 045994611A13AA4200B4615F /* yun.png */; };
		0459949B1A13AA4200B4615F /* bgmusic.mp3 in Resources */ = {isa = PBXBuildFile; fileRef = 045994631A13AA4200B4615F /* bgmusic.mp3 */; };
		0459949C1A13AA4200B4615F /* storyMusic.mp3 in Resources */ = {isa = PBXBuildFile; fileRef = 045994641A13AA4200B4615F /* storyMusic.mp3 */; };
		0459949D1A13AA4200B4615F /* RabbiterView.m in Sources */ = {isa = PBXBuildFile; fileRef = 045994681A13AA4200B4615F /* RabbiterView.m */; };
		0459949E1A13AA4200B4615F /* KIAlertView.m in Sources */ = {isa = PBXBuildFile; fileRef = 0459946C1A13AA4200B4615F /* KIAlertView.m */; };
		045994A01A13AA4200B4615F /* Utils.m in Sources */ = {isa = PBXBuildFile; fileRef = 045994711A13AA4200B4615F /* Utils.m */; };
		046DFAB519D65E3D0012AFBA /* Foundation.framework in Frameworks */ = {isa = PBXBuildFile; fileRef = 046DFAB419D65E3D0012AFBA /* Foundation.framework */; };
		046DFAB719D65E3D0012AFBA /* CoreGraphics.framework in Frameworks */ = {isa = PBXBuildFile; fileRef = 046DFAB619D65E3D0012AFBA /* CoreGraphics.framework */; };
		046DFAB919D65E3D0012AFBA /* UIKit.framework in Frameworks */ = {isa = PBXBuildFile; fileRef = 046DFAB819D65E3D0012AFBA /* UIKit.framework */; };
		046DFABF19D65E3D0012AFBA /* InfoPlist.strings in Resources */ = {isa = PBXBuildFile; fileRef = 046DFABD19D65E3D0012AFBA /* InfoPlist.strings */; };
		046DFAC119D65E3D0012AFBA /* main.m in Sources */ = {isa = PBXBuildFile; fileRef = 046DFAC019D65E3D0012AFBA /* main.m */; };
		046DFAC519D65E3D0012AFBA /* AppDelegate.m in Sources */ = {isa = PBXBuildFile; fileRef = 046DFAC419D65E3D0012AFBA /* AppDelegate.m */; };
		046DFAC819D65E3D0012AFBA /* Main_iPhone.storyboard in Resources */ = {isa = PBXBuildFile; fileRef = 046DFAC619D65E3D0012AFBA /* Main_iPhone.storyboard */; };
		046DFACB19D65E3D0012AFBA /* Main_iPad.storyboard in Resources */ = {isa = PBXBuildFile; fileRef = 046DFAC919D65E3D0012AFBA /* Main_iPad.storyboard */; };
		046DFACE19D65E3D0012AFBA /* ViewController.m in Sources */ = {isa = PBXBuildFile; fileRef = 046DFACD19D65E3D0012AFBA /* ViewController.m */; };
		046DFAD019D65E3D0012AFBA /* Images.xcassets in Resources */ = {isa = PBXBuildFile; fileRef = 046DFACF19D65E3D0012AFBA /* Images.xcassets */; };
		046DFAD719D65E3D0012AFBA /* XCTest.framework in Frameworks */ = {isa = PBXBuildFile; fileRef = 046DFAD619D65E3D0012AFBA /* XCTest.framework */; };
		046DFAD819D65E3D0012AFBA /* Foundation.framework in Frameworks */ = {isa = PBXBuildFile; fileRef = 046DFAB419D65E3D0012AFBA /* Foundation.framework */; };
		046DFAD919D65E3D0012AFBA /* UIKit.framework in Frameworks */ = {isa = PBXBuildFile; fileRef = 046DFAB819D65E3D0012AFBA /* UIKit.framework */; };
		046DFAE119D65E3D0012AFBA /* InfoPlist.strings in Resources */ = {isa = PBXBuildFile; fileRef = 046DFADF19D65E3D0012AFBA /* InfoPlist.strings */; };
		046DFAE319D65E3D0012AFBA /* CrazyRabbiterTests.m in Sources */ = {isa = PBXBuildFile; fileRef = 046DFAE219D65E3D0012AFBA /* CrazyRabbiterTests.m */; };
		047822AF1A137BCC000AE721 /* lock.png in Resources */ = {isa = PBXBuildFile; fileRef = 047822AC1A137BCC000AE721 /* lock.png */; };
		047822B31A137C5B000AE721 /* paopao0.png in Resources */ = {isa = PBXBuildFile; fileRef = 047822B21A137C5B000AE721 /* paopao0.png */; };
		049285971A41B133009CC9F2 /* tree6.png in Resources */ = {isa = PBXBuildFile; fileRef = 049285941A41B133009CC9F2 /* tree6.png */; };
		049285981A41B133009CC9F2 /* tree7.png in Resources */ = {isa = PBXBuildFile; fileRef = 049285951A41B133009CC9F2 /* tree7.png */; };
		049285991A41B133009CC9F2 /* tree8.png in Resources */ = {isa = PBXBuildFile; fileRef = 049285961A41B133009CC9F2 /* tree8.png */; };
		0492859E1A41B871009CC9F2 /* tree9.png in Resources */ = {isa = PBXBuildFile; fileRef = 0492859A1A41B871009CC9F2 /* tree9.png */; };
		0492859F1A41B871009CC9F2 /* tree10.png in Resources */ = {isa = PBXBuildFile; fileRef = 0492859B1A41B871009CC9F2 /* tree10.png */; };
		049285A01A41B871009CC9F2 /* tree11.png in Resources */ = {isa = PBXBuildFile; fileRef = 0492859C1A41B871009CC9F2 /* tree11.png */; };
		049285A11A41B871009CC9F2 /* tree12.png in Resources */ = {isa = PBXBuildFile; fileRef = 0492859D1A41B871009CC9F2 /* tree12.png */; };
		049285A51A41B87C009CC9F2 /* glede3.png in Resources */ = {isa = PBXBuildFile; fileRef = 049285A21A41B87C009CC9F2 /* glede3.png */; };
		049285A61A41B87C009CC9F2 /* glede4.png in Resources */ = {isa = PBXBuildFile; fileRef = 049285A31A41B87C009CC9F2 /* glede4.png */; };
		049285A71A41B87C009CC9F2 /* glede5.png in Resources */ = {isa = PBXBuildFile; fileRef = 049285A41A41B87C009CC9F2 /* glede5.png */; };
		049285A91A41C1E0009CC9F2 /* huoying.mp3 in Resources */ = {isa = PBXBuildFile; fileRef = 049285A81A41C1E0009CC9F2 /* huoying.mp3 */; };
		049285AB1A41C8A1009CC9F2 /* success.mp3 in Resources */ = {isa = PBXBuildFile; fileRef = 049285AA1A41C8A1009CC9F2 /* success.mp3 */; };
		04944E4919F68915002D43CD /* QuartzCore.framework in Frameworks */ = {isa = PBXBuildFile; fileRef = 04944E4819F68915002D43CD /* QuartzCore.framework */; };
		04A530D81A14E89C00B3C8FA /* GameSetManager.m in Sources */ = {isa = PBXBuildFile; fileRef = 045994331A13AA4200B4615F /* GameSetManager.m */; };
		04A530D91A14E8AD00B3C8FA /* MusicManager.m in Sources */ = {isa = PBXBuildFile; fileRef = 045994351A13AA4200B4615F /* MusicManager.m */; };
		04A530DA1A14E8BB00B3C8FA /* KProgressHUD.m in Sources */ = {isa = PBXBuildFile; fileRef = 0459946F1A13AA4200B4615F /* KProgressHUD.m */; };
		04A530DE1A14EFAC00B3C8FA /* AnimationEngin.m in Sources */ = {isa = PBXBuildFile; fileRef = 04A530DD1A14EFAC00B3C8FA /* AnimationEngin.m */; };
		04C7422D1A35DA2600ACB0D4 /* moon.png in Resources */ = {isa = PBXBuildFile; fileRef = 04C7422C1A35DA2600ACB0D4 /* moon.png */; };
		04E6E8361A406D8C00DADB3E /* FXBlurView.m in Sources */ = {isa = PBXBuildFile; fileRef = 04E6E8351A406D8C00DADB3E /* FXBlurView.m */; };
		04F6920B1A446E3E003F33A4 /* chaojimali.mp3 in Resources */ = {isa = PBXBuildFile; fileRef = 04F6920A1A446E3E003F33A4 /* chaojimali.mp3 */; };
		04F7512D1A2F44AE00823C6D /* KeepTimer.m in Sources */ = {isa = PBXBuildFile; fileRef = 04F7512C1A2F44AE00823C6D /* KeepTimer.m */; };
/* End PBXBuildFile section */

/* Begin PBXContainerItemProxy section */
		046DFADA19D65E3D0012AFBA /* PBXContainerItemProxy */ = {
			isa = PBXContainerItemProxy;
			containerPortal = 046DFAA919D65E3D0012AFBA /* Project object */;
			proxyType = 1;
			remoteGlobalIDString = 046DFAB019D65E3D0012AFBA;
			remoteInfo = CrazyRabbiter;
		};
/* End PBXContainerItemProxy section */

/* Begin PBXFileReference section */
		04253FA519DC52040087C4A5 /* Icon-120.png */ = {isa = PBXFileReference; lastKnownFileType = image.png; path = "Icon-120.png"; sourceTree = "<group>"; };
		04253FA619DC52040087C4A5 /* Icon.png */ = {isa = PBXFileReference; lastKnownFileType = image.png; path = Icon.png; sourceTree = "<group>"; };
		04253FA719DC52040087C4A5 /* Icon@2x.png */ = {isa = PBXFileReference; lastKnownFileType = image.png; path = "Icon@2x.png"; sourceTree = "<group>"; };
		04335DE71A20CB900054715B /* DRNRealTimeBlurView.h */ = {isa = PBXFileReference; fileEncoding = 4; lastKnownFileType = sourcecode.c.h; path = DRNRealTimeBlurView.h; sourceTree = "<group>"; };
		04335DE81A20CB900054715B /* DRNRealTimeBlurView.m */ = {isa = PBXFileReference; fileEncoding = 4; lastKnownFileType = sourcecode.c.objc; path = DRNRealTimeBlurView.m; sourceTree = "<group>"; };
		04335DE91A20CB900054715B /* UIImage+BoxBlur.h */ = {isa = PBXFileReference; fileEncoding = 4; lastKnownFileType = sourcecode.c.h; path = "UIImage+BoxBlur.h"; sourceTree = "<group>"; };
		04335DEA1A20CB900054715B /* UIImage+BoxBlur.m */ = {isa = PBXFileReference; fileEncoding = 4; lastKnownFileType = sourcecode.c.objc; path = "UIImage+BoxBlur.m"; sourceTree = "<group>"; };
		04335DEE1A20DC6D0054715B /* waitting.png */ = {isa = PBXFileReference; lastKnownFileType = image.png; path = waitting.png; sourceTree = "<group>"; };
		0441B7691A2E02DD006B836A /* PulsingHaloLayer.h */ = {isa = PBXFileReference; fileEncoding = 4; lastKnownFileType = sourcecode.c.h; path = PulsingHaloLayer.h; sourceTree = "<group>"; };
		0441B76A1A2E02DD006B836A /* PulsingHaloLayer.m */ = {isa = PBXFileReference; fileEncoding = 4; lastKnownFileType = sourcecode.c.objc; path = PulsingHaloLayer.m; sourceTree = "<group>"; };
		044AA96A1A16229F001DE8BD /* QQConnection.framework */ = {isa = PBXFileReference; lastKnownFileType = wrapper.framework; path = QQConnection.framework; sourceTree = "<group>"; };
		044AA96B1A16229F001DE8BD /* QZoneConnection.framework */ = {isa = PBXFileReference; lastKnownFileType = wrapper.framework; path = QZoneConnection.framework; sourceTree = "<group>"; };
		044AA96C1A16229F001DE8BD /* RenRenConnection.framework */ = {isa = PBXFileReference; lastKnownFileType = wrapper.framework; path = RenRenConnection.framework; sourceTree = "<group>"; };
		044AA96D1A16229F001DE8BD /* SinaWeiboConnection.framework */ = {isa = PBXFileReference; lastKnownFileType = wrapper.framework; path = SinaWeiboConnection.framework; sourceTree = "<group>"; };
		044AA96E1A16229F001DE8BD /* TencentWeiboConnection.framework */ = {isa = PBXFileReference; lastKnownFileType = wrapper.framework; path = TencentWeiboConnection.framework; sourceTree = "<group>"; };
		044AA96F1A16229F001DE8BD /* WeChatConnection.framework */ = {isa = PBXFileReference; lastKnownFileType = wrapper.framework; path = WeChatConnection.framework; sourceTree = "<group>"; };
		044AA9711A16229F001DE8BD /* AGCommon.framework */ = {isa = PBXFileReference; lastKnownFileType = wrapper.framework; path = AGCommon.framework; sourceTree = "<group>"; };
		044AA9731A16229F001DE8BD /* en */ = {isa = PBXFileReference; lastKnownFileType = text.plist.strings; name = en; path = en.lproj/ShareSDKLocalizable.strings; sourceTree = "<group>"; };
		044AA9741A16229F001DE8BD /* Resource.bundle */ = {isa = PBXFileReference; lastKnownFileType = "wrapper.plug-in"; path = Resource.bundle; sourceTree = "<group>"; };
		044AA9751A16229F001DE8BD /* ShareSDKCoreService.framework */ = {isa = PBXFileReference; lastKnownFileType = wrapper.framework; path = ShareSDKCoreService.framework; sourceTree = "<group>"; };
		044AA9761A16229F001DE8BD /* zh-Hans */ = {isa = PBXFileReference; lastKnownFileType = text.plist.strings; name = "zh-Hans"; path = "zh-Hans.lproj/ShareSDKLocalizable.strings"; sourceTree = "<group>"; };
		044AA9791A16229F001DE8BD /* TencentOpenAPI.framework */ = {isa = PBXFileReference; lastKnownFileType = wrapper.framework; path = TencentOpenAPI.framework; sourceTree = "<group>"; };
		044AA97A1A16229F001DE8BD /* TencentOpenApi_IOS_Bundle.bundle */ = {isa = PBXFileReference; lastKnownFileType = "wrapper.plug-in"; path = TencentOpenApi_IOS_Bundle.bundle; sourceTree = "<group>"; };
		044AA97C1A16229F001DE8BD /* RennSDK.bundle */ = {isa = PBXFileReference; lastKnownFileType = "wrapper.plug-in"; path = RennSDK.bundle; sourceTree = "<group>"; };
		044AA97D1A16229F001DE8BD /* RennSDK.framework */ = {isa = PBXFileReference; lastKnownFileType = wrapper.framework; path = RennSDK.framework; sourceTree = "<group>"; };
		044AA97F1A16229F001DE8BD /* libSinaWeiboSDK.a */ = {isa = PBXFileReference; lastKnownFileType = archive.ar; path = libSinaWeiboSDK.a; sourceTree = "<group>"; };
		044AA9801A16229F001DE8BD /* WeiboSDK.bundle */ = {isa = PBXFileReference; lastKnownFileType = "wrapper.plug-in"; path = WeiboSDK.bundle; sourceTree = "<group>"; };
		044AA9811A16229F001DE8BD /* WeiboSDK.h */ = {isa = PBXFileReference; fileEncoding = 4; lastKnownFileType = sourcecode.c.h; path = WeiboSDK.h; sourceTree = "<group>"; };
		044AA9831A16229F001DE8BD /* libTCWeiboSDK.a */ = {isa = PBXFileReference; lastKnownFileType = archive.ar; path = libTCWeiboSDK.a; sourceTree = "<group>"; };
		044AA9841A16229F001DE8BD /* WeiboApi.h */ = {isa = PBXFileReference; fileEncoding = 4; lastKnownFileType = sourcecode.c.h; path = WeiboApi.h; sourceTree = "<group>"; };
		044AA9861A16229F001DE8BD /* libWeChatSDK.a */ = {isa = PBXFileReference; lastKnownFileType = archive.ar; path = libWeChatSDK.a; sourceTree = "<group>"; };
		044AA9871A16229F001DE8BD /* WXApi.h */ = {isa = PBXFileReference; fileEncoding = 4; lastKnownFileType = sourcecode.c.h; path = WXApi.h; sourceTree = "<group>"; };
		044AA9881A16229F001DE8BD /* WXApiObject.h */ = {isa = PBXFileReference; fileEncoding = 4; lastKnownFileType = sourcecode.c.h; path = WXApiObject.h; sourceTree = "<group>"; };
		044AA9891A16229F001DE8BD /* ShareSDK.framework */ = {isa = PBXFileReference; lastKnownFileType = wrapper.framework; path = ShareSDK.framework; sourceTree = "<group>"; };
		044AA98A1A16229F001DE8BD /* ShareSDK备注.rtf */ = {isa = PBXFileReference; fileEncoding = 4; lastKnownFileType = text.rtf; path = "ShareSDK备注.rtf"; sourceTree = "<group>"; };
		044AA98C1A16229F001DE8BD /* ShareSDKFlatShareViewUI.bundle */ = {isa = PBXFileReference; lastKnownFileType = "wrapper.plug-in"; path = ShareSDKFlatShareViewUI.bundle; sourceTree = "<group>"; };
		044AA98D1A16229F001DE8BD /* ShareSDKFlatShareViewUI.framework */ = {isa = PBXFileReference; lastKnownFileType = wrapper.framework; path = ShareSDKFlatShareViewUI.framework; sourceTree = "<group>"; };
		044AA98E1A16229F001DE8BD /* ShareSDKShareActionSheet.framework */ = {isa = PBXFileReference; lastKnownFileType = wrapper.framework; path = ShareSDKShareActionSheet.framework; sourceTree = "<group>"; };
		044AA9A61A1622C0001DE8BD /* SystemConfiguration.framework */ = {isa = PBXFileReference; lastKnownFileType = wrapper.framework; name = SystemConfiguration.framework; path = System/Library/Frameworks/SystemConfiguration.framework; sourceTree = SDKROOT; };
		044AA9A81A1622D6001DE8BD /* CoreTelephony.framework */ = {isa = PBXFileReference; lastKnownFileType = wrapper.framework; name = CoreTelephony.framework; path = System/Library/Frameworks/CoreTelephony.framework; sourceTree = SDKROOT; };
		044AA9AA1A1622E5001DE8BD /* libicucore.dylib */ = {isa = PBXFileReference; lastKnownFileType = "compiled.mach-o.dylib"; name = libicucore.dylib; path = usr/lib/libicucore.dylib; sourceTree = SDKROOT; };
		044AA9AC1A1622F5001DE8BD /* libz.1.2.5.dylib */ = {isa = PBXFileReference; lastKnownFileType = "compiled.mach-o.dylib"; name = libz.1.2.5.dylib; path = usr/lib/libz.1.2.5.dylib; sourceTree = SDKROOT; };
		044AA9AE1A1622FB001DE8BD /* Security.framework */ = {isa = PBXFileReference; lastKnownFileType = wrapper.framework; name = Security.framework; path = System/Library/Frameworks/Security.framework; sourceTree = SDKROOT; };
		044AA9B01A162307001DE8BD /* libstdc++.dylib */ = {isa = PBXFileReference; lastKnownFileType = "compiled.mach-o.dylib"; name = "libstdc++.dylib"; path = "usr/lib/libstdc++.dylib"; sourceTree = SDKROOT; };
		044AA9B21A162410001DE8BD /* libsqlite3.dylib */ = {isa = PBXFileReference; lastKnownFileType = "compiled.mach-o.dylib"; name = libsqlite3.dylib; path = usr/lib/libsqlite3.dylib; sourceTree = SDKROOT; };
		044AA9B41A162736001DE8BD /* share.png */ = {isa = PBXFileReference; lastKnownFileType = image.png; path = share.png; sourceTree = "<group>"; };
		044D53A21A0E577F00D13456 /* zh-Hans */ = {isa = PBXFileReference; lastKnownFileType = text.plist.strings; name = "zh-Hans"; path = "zh-Hans.lproj/Main_iPhone.strings"; sourceTree = "<group>"; };
		044D53A31A0E577F00D13456 /* zh-Hans */ = {isa = PBXFileReference; lastKnownFileType = text.plist.strings; name = "zh-Hans"; path = "zh-Hans.lproj/Main_iPad.strings"; sourceTree = "<group>"; };
		044D53A41A0E577F00D13456 /* zh-Hans */ = {isa = PBXFileReference; lastKnownFileType = text.plist.strings; name = "zh-Hans"; path = "zh-Hans.lproj/InfoPlist.strings"; sourceTree = "<group>"; };
		044D53A51A0E577F00D13456 /* zh-Hans */ = {isa = PBXFileReference; lastKnownFileType = text.plist.strings; name = "zh-Hans"; path = "zh-Hans.lproj/InfoPlist.strings"; sourceTree = "<group>"; };
		044D53B01A0E637600D13456 /* AVFoundation.framework */ = {isa = PBXFileReference; lastKnownFileType = wrapper.framework; name = AVFoundation.framework; path = System/Library/Frameworks/AVFoundation.framework; sourceTree = SDKROOT; };
		044D53B41A0E673700D13456 /* clound.png */ = {isa = PBXFileReference; lastKnownFileType = image.png; path = clound.png; sourceTree = "<group>"; };
		044D53B81A0E673700D13456 /* 1.png */ = {isa = PBXFileReference; lastKnownFileType = image.png; path = 1.png; sourceTree = "<group>"; };
		044D53B91A0E673700D13456 /* 2.png */ = {isa = PBXFileReference; lastKnownFileType = image.png; path = 2.png; sourceTree = "<group>"; };
		044D53BA1A0E673700D13456 /* 3.png */ = {isa = PBXFileReference; lastKnownFileType = image.png; path = 3.png; sourceTree = "<group>"; };
		044D53BB1A0E673700D13456 /* 4.png */ = {isa = PBXFileReference; lastKnownFileType = image.png; path = 4.png; sourceTree = "<group>"; };
		044D53BC1A0E673700D13456 /* 5.png */ = {isa = PBXFileReference; lastKnownFileType = image.png; path = 5.png; sourceTree = "<group>"; };
		044D53BD1A0E673700D13456 /* 6.png */ = {isa = PBXFileReference; lastKnownFileType = image.png; path = 6.png; sourceTree = "<group>"; };
		044D53BE1A0E673700D13456 /* 7.png */ = {isa = PBXFileReference; lastKnownFileType = image.png; path = 7.png; sourceTree = "<group>"; };
		044D53C01A0E673700D13456 /* glede.png */ = {isa = PBXFileReference; lastKnownFileType = image.png; path = glede.png; sourceTree = "<group>"; };
		044D53C11A0E673700D13456 /* glede1.png */ = {isa = PBXFileReference; lastKnownFileType = image.png; path = glede1.png; sourceTree = "<group>"; };
		044D53C21A0E673700D13456 /* glede2.png */ = {isa = PBXFileReference; lastKnownFileType = image.png; path = glede2.png; sourceTree = "<group>"; };
		044D53C31A0E673700D13456 /* ground_1.png */ = {isa = PBXFileReference; lastKnownFileType = image.png; path = ground_1.png; sourceTree = "<group>"; };
		044D53C41A0E673700D13456 /* ground_2.png */ = {isa = PBXFileReference; lastKnownFileType = image.png; path = ground_2.png; sourceTree = "<group>"; };
		044D53C51A0E673700D13456 /* ground_3.png */ = {isa = PBXFileReference; lastKnownFileType = image.png; path = ground_3.png; sourceTree = "<group>"; };
		044D53C71A0E673700D13456 /* paopao_L.png */ = {isa = PBXFileReference; lastKnownFileType = image.png; path = paopao_L.png; sourceTree = "<group>"; };
		044D53C81A0E673700D13456 /* paopao_R.png */ = {isa = PBXFileReference; lastKnownFileType = image.png; path = paopao_R.png; sourceTree = "<group>"; };
		044D53C91A0E673700D13456 /* rail.png */ = {isa = PBXFileReference; lastKnownFileType = image.png; path = rail.png; sourceTree = "<group>"; };
		044D53CA1A0E673700D13456 /* sky.png */ = {isa = PBXFileReference; lastKnownFileType = image.png; path = sky.png; sourceTree = "<group>"; };
		044D53CC1A0E673700D13456 /* sun.png */ = {isa = PBXFileReference; lastKnownFileType = image.png; path = sun.png; sourceTree = "<group>"; };
		044D53CE1A0E673700D13456 /* tree1.png */ = {isa = PBXFileReference; lastKnownFileType = image.png; path = tree1.png; sourceTree = "<group>"; };
		044D53CF1A0E673700D13456 /* tree2.png */ = {isa = PBXFileReference; lastKnownFileType = image.png; path = tree2.png; sourceTree = "<group>"; };
		044D53D01A0E673700D13456 /* tree3.png */ = {isa = PBXFileReference; lastKnownFileType = image.png; path = tree3.png; sourceTree = "<group>"; };
		044D53D11A0E673700D13456 /* tree4.png */ = {isa = PBXFileReference; lastKnownFileType = image.png; path = tree4.png; sourceTree = "<group>"; };
		044D53D21A0E673700D13456 /* tree5.png */ = {isa = PBXFileReference; lastKnownFileType = image.png; path = tree5.png; sourceTree = "<group>"; };
		044D53D31A0E673700D13456 /* tuzi.png */ = {isa = PBXFileReference; lastKnownFileType = image.png; path = tuzi.png; sourceTree = "<group>"; };
		044D53D41A0E673700D13456 /* tuzi2.png */ = {isa = PBXFileReference; lastKnownFileType = image.png; path = tuzi2.png; sourceTree = "<group>"; };
		044D53D51A0E673700D13456 /* yun.png */ = {isa = PBXFileReference; lastKnownFileType = image.png; path = yun.png; sourceTree = "<group>"; };
		044D53D71A0E673700D13456 /* bgmusic.mp3 */ = {isa = PBXFileReference; lastKnownFileType = audio.mp3; path = bgmusic.mp3; sourceTree = "<group>"; };
		044D53D81A0E673700D13456 /* storyMusic.mp3 */ = {isa = PBXFileReference; lastKnownFileType = audio.mp3; path = storyMusic.mp3; sourceTree = "<group>"; };
		044D53FE1A0E675300D13456 /* zh-Hans */ = {isa = PBXFileReference; lastKnownFileType = text.plist.strings; name = "zh-Hans"; path = "zh-Hans.lproj/Localizable.strings"; sourceTree = "<group>"; };
		044D54001A0E676400D13456 /* en */ = {isa = PBXFileReference; lastKnownFileType = text.plist.strings; name = en; path = en.lproj/Localizable.strings; sourceTree = "<group>"; };
		04575D141A0FA707007FD0EE /* play.png */ = {isa = PBXFileReference; lastKnownFileType = image.png; path = play.png; sourceTree = "<group>"; };
		04575D151A0FA707007FD0EE /* stop.png */ = {isa = PBXFileReference; lastKnownFileType = image.png; path = stop.png; sourceTree = "<group>"; };
		0458D8B219D8496C00F7E62D /* AudioToolbox.framework */ = {isa = PBXFileReference; lastKnownFileType = wrapper.framework; name = AudioToolbox.framework; path = System/Library/Frameworks/AudioToolbox.framework; sourceTree = SDKROOT; };
		045994251A137D1100B4615F /* paopao1.png */ = {isa = PBXFileReference; lastKnownFileType = image.png; path = paopao1.png; sourceTree = "<group>"; };
		0459942B1A13AA4100B4615F /* CheckPostView.h */ = {isa = PBXFileReference; fileEncoding = 4; lastKnownFileType = sourcecode.c.h; path = CheckPostView.h; sourceTree = "<group>"; };
		0459942C1A13AA4100B4615F /* CheckPostView.m */ = {isa = PBXFileReference; fileEncoding = 4; lastKnownFileType = sourcecode.c.objc; path = CheckPostView.m; sourceTree = "<group>"; };
		0459942D1A13AA4100B4615F /* SceneView.h */ = {isa = PBXFileReference; fileEncoding = 4; lastKnownFileType = sourcecode.c.h; path = SceneView.h; sourceTree = "<group>"; };
		0459942E1A13AA4200B4615F /* SceneView.m */ = {isa = PBXFileReference; fileEncoding = 4; lastKnownFileType = sourcecode.c.objc; path = SceneView.m; sourceTree = "<group>"; };
		0459942F1A13AA4200B4615F /* StoryView.h */ = {isa = PBXFileReference; fileEncoding = 4; lastKnownFileType = sourcecode.c.h; path = StoryView.h; sourceTree = "<group>"; };
		045994301A13AA4200B4615F /* StoryView.m */ = {isa = PBXFileReference; fileEncoding = 4; lastKnownFileType = sourcecode.c.objc; path = StoryView.m; sourceTree = "<group>"; };
		045994321A13AA4200B4615F /* GameSetManager.h */ = {isa = PBXFileReference; fileEncoding = 4; lastKnownFileType = sourcecode.c.h; path = GameSetManager.h; sourceTree = "<group>"; };
		045994331A13AA4200B4615F /* GameSetManager.m */ = {isa = PBXFileReference; fileEncoding = 4; lastKnownFileType = sourcecode.c.objc; path = GameSetManager.m; sourceTree = "<group>"; };
		045994341A13AA4200B4615F /* MusicManager.h */ = {isa = PBXFileReference; fileEncoding = 4; lastKnownFileType = sourcecode.c.h; path = MusicManager.h; sourceTree = "<group>"; };
		045994351A13AA4200B4615F /* MusicManager.m */ = {isa = PBXFileReference; fileEncoding = 4; lastKnownFileType = sourcecode.c.objc; path = MusicManager.m; sourceTree = "<group>"; };
		045994381A13AA4200B4615F /* en */ = {isa = PBXFileReference; lastKnownFileType = text.plist.strings; name = en; path = en.lproj/Localizable.strings; sourceTree = "<group>"; };
		0459943B1A13AA4200B4615F /* clound.png */ = {isa = PBXFileReference; lastKnownFileType = image.png; path = clound.png; sourceTree = "<group>"; };
		0459943F1A13AA4200B4615F /* 1.png */ = {isa = PBXFileReference; lastKnownFileType = image.png; path = 1.png; sourceTree = "<group>"; };
		045994401A13AA4200B4615F /* 2.png */ = {isa = PBXFileReference; lastKnownFileType = image.png; path = 2.png; sourceTree = "<group>"; };
		045994411A13AA4200B4615F /* 3.png */ = {isa = PBXFileReference; lastKnownFileType = image.png; path = 3.png; sourceTree = "<group>"; };
		045994421A13AA4200B4615F /* 4.png */ = {isa = PBXFileReference; lastKnownFileType = image.png; path = 4.png; sourceTree = "<group>"; };
		045994431A13AA4200B4615F /* 5.png */ = {isa = PBXFileReference; lastKnownFileType = image.png; path = 5.png; sourceTree = "<group>"; };
		045994441A13AA4200B4615F /* 6.png */ = {isa = PBXFileReference; lastKnownFileType = image.png; path = 6.png; sourceTree = "<group>"; };
		045994451A13AA4200B4615F /* 7.png */ = {isa = PBXFileReference; lastKnownFileType = image.png; path = 7.png; sourceTree = "<group>"; };
		045994471A13AA4200B4615F /* glede.png */ = {isa = PBXFileReference; lastKnownFileType = image.png; path = glede.png; sourceTree = "<group>"; };
		045994481A13AA4200B4615F /* glede1.png */ = {isa = PBXFileReference; lastKnownFileType = image.png; path = glede1.png; sourceTree = "<group>"; };
		045994491A13AA4200B4615F /* glede2.png */ = {isa = PBXFileReference; lastKnownFileType = image.png; path = glede2.png; sourceTree = "<group>"; };
		0459944A1A13AA4200B4615F /* ground_1.png */ = {isa = PBXFileReference; lastKnownFileType = image.png; path = ground_1.png; sourceTree = "<group>"; };
		0459944B1A13AA4200B4615F /* ground_2.png */ = {isa = PBXFileReference; lastKnownFileType = image.png; path = ground_2.png; sourceTree = "<group>"; };
		0459944C1A13AA4200B4615F /* ground_3.png */ = {isa = PBXFileReference; lastKnownFileType = image.png; path = ground_3.png; sourceTree = "<group>"; };
		0459944E1A13AA4200B4615F /* lock.png */ = {isa = PBXFileReference; lastKnownFileType = image.png; path = lock.png; sourceTree = "<group>"; };
		0459944F1A13AA4200B4615F /* paopao0.png */ = {isa = PBXFileReference; lastKnownFileType = image.png; path = paopao0.png; sourceTree = "<group>"; };
		045994501A13AA4200B4615F /* paopao1.png */ = {isa = PBXFileReference; lastKnownFileType = image.png; path = paopao1.png; sourceTree = "<group>"; };
		045994511A13AA4200B4615F /* paopao_L.png */ = {isa = PBXFileReference; lastKnownFileType = image.png; path = paopao_L.png; sourceTree = "<group>"; };
		045994521A13AA4200B4615F /* paopao_R.png */ = {isa = PBXFileReference; lastKnownFileType = image.png; path = paopao_R.png; sourceTree = "<group>"; };
		045994531A13AA4200B4615F /* play.png */ = {isa = PBXFileReference; lastKnownFileType = image.png; path = play.png; sourceTree = "<group>"; };
		045994541A13AA4200B4615F /* rail.png */ = {isa = PBXFileReference; lastKnownFileType = image.png; path = rail.png; sourceTree = "<group>"; };
		045994551A13AA4200B4615F /* sky.png */ = {isa = PBXFileReference; lastKnownFileType = image.png; path = sky.png; sourceTree = "<group>"; };
		045994561A13AA4200B4615F /* stop.png */ = {isa = PBXFileReference; lastKnownFileType = image.png; path = stop.png; sourceTree = "<group>"; };
		045994581A13AA4200B4615F /* sun.png */ = {isa = PBXFileReference; lastKnownFileType = image.png; path = sun.png; sourceTree = "<group>"; };
		0459945A1A13AA4200B4615F /* tree1.png */ = {isa = PBXFileReference; lastKnownFileType = image.png; path = tree1.png; sourceTree = "<group>"; };
		0459945B1A13AA4200B4615F /* tree2.png */ = {isa = PBXFileReference; lastKnownFileType = image.png; path = tree2.png; sourceTree = "<group>"; };
		0459945C1A13AA4200B4615F /* tree3.png */ = {isa = PBXFileReference; lastKnownFileType = image.png; path = tree3.png; sourceTree = "<group>"; };
		0459945D1A13AA4200B4615F /* tree4.png */ = {isa = PBXFileReference; lastKnownFileType = image.png; path = tree4.png; sourceTree = "<group>"; };
		0459945E1A13AA4200B4615F /* tree5.png */ = {isa = PBXFileReference; lastKnownFileType = image.png; path = tree5.png; sourceTree = "<group>"; };
		0459945F1A13AA4200B4615F /* tuzi.png */ = {isa = PBXFileReference; lastKnownFileType = image.png; path = tuzi.png; sourceTree = "<group>"; };
		045994601A13AA4200B4615F /* tuzi2.png */ = {isa = PBXFileReference; lastKnownFileType = image.png; path = tuzi2.png; sourceTree = "<group>"; };
		045994611A13AA4200B4615F /* yun.png */ = {isa = PBXFileReference; lastKnownFileType = image.png; path = yun.png; sourceTree = "<group>"; };
		045994631A13AA4200B4615F /* bgmusic.mp3 */ = {isa = PBXFileReference; lastKnownFileType = audio.mp3; path = bgmusic.mp3; sourceTree = "<group>"; };
		045994641A13AA4200B4615F /* storyMusic.mp3 */ = {isa = PBXFileReference; lastKnownFileType = audio.mp3; path = storyMusic.mp3; sourceTree = "<group>"; };
		045994651A13AA4200B4615F /* zh-Hans */ = {isa = PBXFileReference; lastKnownFileType = text.plist.strings; name = "zh-Hans"; path = "zh-Hans.lproj/Localizable.strings"; sourceTree = "<group>"; };
		045994671A13AA4200B4615F /* RabbiterView.h */ = {isa = PBXFileReference; fileEncoding = 4; lastKnownFileType = sourcecode.c.h; path = RabbiterView.h; sourceTree = "<group>"; };
		045994681A13AA4200B4615F /* RabbiterView.m */ = {isa = PBXFileReference; fileEncoding = 4; lastKnownFileType = sourcecode.c.objc; path = RabbiterView.m; sourceTree = "<group>"; };
		0459946B1A13AA4200B4615F /* KIAlertView.h */ = {isa = PBXFileReference; fileEncoding = 4; lastKnownFileType = sourcecode.c.h; path = KIAlertView.h; sourceTree = "<group>"; };
		0459946C1A13AA4200B4615F /* KIAlertView.m */ = {isa = PBXFileReference; fileEncoding = 4; lastKnownFileType = sourcecode.c.objc; path = KIAlertView.m; sourceTree = "<group>"; };
		0459946E1A13AA4200B4615F /* KProgressHUD.h */ = {isa = PBXFileReference; fileEncoding = 4; lastKnownFileType = sourcecode.c.h; path = KProgressHUD.h; sourceTree = "<group>"; };
		0459946F1A13AA4200B4615F /* KProgressHUD.m */ = {isa = PBXFileReference; fileEncoding = 4; lastKnownFileType = sourcecode.c.objc; path = KProgressHUD.m; sourceTree = "<group>"; };
		045994701A13AA4200B4615F /* Utils.h */ = {isa = PBXFileReference; fileEncoding = 4; lastKnownFileType = sourcecode.c.h; path = Utils.h; sourceTree = "<group>"; };
		045994711A13AA4200B4615F /* Utils.m */ = {isa = PBXFileReference; fileEncoding = 4; lastKnownFileType = sourcecode.c.objc; path = Utils.m; sourceTree = "<group>"; };
		046DFAB119D65E3D0012AFBA /* CrazyRabbiter.app */ = {isa = PBXFileReference; explicitFileType = wrapper.application; includeInIndex = 0; path = CrazyRabbiter.app; sourceTree = BUILT_PRODUCTS_DIR; };
		046DFAB419D65E3D0012AFBA /* Foundation.framework */ = {isa = PBXFileReference; lastKnownFileType = wrapper.framework; name = Foundation.framework; path = System/Library/Frameworks/Foundation.framework; sourceTree = SDKROOT; };
		046DFAB619D65E3D0012AFBA /* CoreGraphics.framework */ = {isa = PBXFileReference; lastKnownFileType = wrapper.framework; name = CoreGraphics.framework; path = System/Library/Frameworks/CoreGraphics.framework; sourceTree = SDKROOT; };
		046DFAB819D65E3D0012AFBA /* UIKit.framework */ = {isa = PBXFileReference; lastKnownFileType = wrapper.framework; name = UIKit.framework; path = System/Library/Frameworks/UIKit.framework; sourceTree = SDKROOT; };
		046DFABC19D65E3D0012AFBA /* CrazyRabbiter-Info.plist */ = {isa = PBXFileReference; lastKnownFileType = text.plist.xml; path = "CrazyRabbiter-Info.plist"; sourceTree = "<group>"; };
		046DFABE19D65E3D0012AFBA /* en */ = {isa = PBXFileReference; lastKnownFileType = text.plist.strings; name = en; path = en.lproj/InfoPlist.strings; sourceTree = "<group>"; };
		046DFAC019D65E3D0012AFBA /* main.m */ = {isa = PBXFileReference; lastKnownFileType = sourcecode.c.objc; path = main.m; sourceTree = "<group>"; };
		046DFAC219D65E3D0012AFBA /* CrazyRabbiter-Prefix.pch */ = {isa = PBXFileReference; lastKnownFileType = sourcecode.c.h; path = "CrazyRabbiter-Prefix.pch"; sourceTree = "<group>"; };
		046DFAC319D65E3D0012AFBA /* AppDelegate.h */ = {isa = PBXFileReference; lastKnownFileType = sourcecode.c.h; path = AppDelegate.h; sourceTree = "<group>"; };
		046DFAC419D65E3D0012AFBA /* AppDelegate.m */ = {isa = PBXFileReference; lastKnownFileType = sourcecode.c.objc; path = AppDelegate.m; sourceTree = "<group>"; };
		046DFAC719D65E3D0012AFBA /* Base */ = {isa = PBXFileReference; lastKnownFileType = file.storyboard; name = Base; path = Base.lproj/Main_iPhone.storyboard; sourceTree = "<group>"; };
		046DFACA19D65E3D0012AFBA /* Base */ = {isa = PBXFileReference; lastKnownFileType = file.storyboard; name = Base; path = Base.lproj/Main_iPad.storyboard; sourceTree = "<group>"; };
		046DFACC19D65E3D0012AFBA /* ViewController.h */ = {isa = PBXFileReference; lastKnownFileType = sourcecode.c.h; path = ViewController.h; sourceTree = "<group>"; };
		046DFACD19D65E3D0012AFBA /* ViewController.m */ = {isa = PBXFileReference; lastKnownFileType = sourcecode.c.objc; path = ViewController.m; sourceTree = "<group>"; };
		046DFACF19D65E3D0012AFBA /* Images.xcassets */ = {isa = PBXFileReference; lastKnownFileType = folder.assetcatalog; path = Images.xcassets; sourceTree = "<group>"; };
		046DFAD519D65E3D0012AFBA /* CrazyRabbiterTests.xctest */ = {isa = PBXFileReference; explicitFileType = wrapper.cfbundle; includeInIndex = 0; path = CrazyRabbiterTests.xctest; sourceTree = BUILT_PRODUCTS_DIR; };
		046DFAD619D65E3D0012AFBA /* XCTest.framework */ = {isa = PBXFileReference; lastKnownFileType = wrapper.framework; name = XCTest.framework; path = Library/Frameworks/XCTest.framework; sourceTree = DEVELOPER_DIR; };
		046DFADE19D65E3D0012AFBA /* CrazyRabbiterTests-Info.plist */ = {isa = PBXFileReference; lastKnownFileType = text.plist.xml; path = "CrazyRabbiterTests-Info.plist"; sourceTree = "<group>"; };
		046DFAE019D65E3D0012AFBA /* en */ = {isa = PBXFileReference; lastKnownFileType = text.plist.strings; name = en; path = en.lproj/InfoPlist.strings; sourceTree = "<group>"; };
		046DFAE219D65E3D0012AFBA /* CrazyRabbiterTests.m */ = {isa = PBXFileReference; lastKnownFileType = sourcecode.c.objc; path = CrazyRabbiterTests.m; sourceTree = "<group>"; };
		046DFAFB19D666250012AFBA /* GlobalDefine.h */ = {isa = PBXFileReference; fileEncoding = 4; lastKnownFileType = sourcecode.c.h; path = GlobalDefine.h; sourceTree = "<group>"; };
		047822AC1A137BCC000AE721 /* lock.png */ = {isa = PBXFileReference; lastKnownFileType = image.png; path = lock.png; sourceTree = "<group>"; };
		047822B21A137C5B000AE721 /* paopao0.png */ = {isa = PBXFileReference; lastKnownFileType = image.png; path = paopao0.png; sourceTree = "<group>"; };
		049285941A41B133009CC9F2 /* tree6.png */ = {isa = PBXFileReference; lastKnownFileType = image.png; path = tree6.png; sourceTree = "<group>"; };
		049285951A41B133009CC9F2 /* tree7.png */ = {isa = PBXFileReference; lastKnownFileType = image.png; path = tree7.png; sourceTree = "<group>"; };
		049285961A41B133009CC9F2 /* tree8.png */ = {isa = PBXFileReference; lastKnownFileType = image.png; path = tree8.png; sourceTree = "<group>"; };
		0492859A1A41B871009CC9F2 /* tree9.png */ = {isa = PBXFileReference; lastKnownFileType = image.png; path = tree9.png; sourceTree = "<group>"; };
		0492859B1A41B871009CC9F2 /* tree10.png */ = {isa = PBXFileReference; lastKnownFileType = image.png; path = tree10.png; sourceTree = "<group>"; };
		0492859C1A41B871009CC9F2 /* tree11.png */ = {isa = PBXFileReference; lastKnownFileType = image.png; path = tree11.png; sourceTree = "<group>"; };
		0492859D1A41B871009CC9F2 /* tree12.png */ = {isa = PBXFileReference; lastKnownFileType = image.png; path = tree12.png; sourceTree = "<group>"; };
		049285A21A41B87C009CC9F2 /* glede3.png */ = {isa = PBXFileReference; lastKnownFileType = image.png; path = glede3.png; sourceTree = "<group>"; };
		049285A31A41B87C009CC9F2 /* glede4.png */ = {isa = PBXFileReference; lastKnownFileType = image.png; path = glede4.png; sourceTree = "<group>"; };
		049285A41A41B87C009CC9F2 /* glede5.png */ = {isa = PBXFileReference; lastKnownFileType = image.png; path = glede5.png; sourceTree = "<group>"; };
		049285A81A41C1E0009CC9F2 /* huoying.mp3 */ = {isa = PBXFileReference; lastKnownFileType = audio.mp3; path = huoying.mp3; sourceTree = "<group>"; };
		049285AA1A41C8A1009CC9F2 /* success.mp3 */ = {isa = PBXFileReference; lastKnownFileType = audio.mp3; path = success.mp3; sourceTree = "<group>"; };
		04944E4819F68915002D43CD /* QuartzCore.framework */ = {isa = PBXFileReference; lastKnownFileType = wrapper.framework; name = QuartzCore.framework; path = System/Library/Frameworks/QuartzCore.framework; sourceTree = SDKROOT; };
		04A530DC1A14EFAC00B3C8FA /* AnimationEngin.h */ = {isa = PBXFileReference; fileEncoding = 4; lastKnownFileType = sourcecode.c.h; path = AnimationEngin.h; sourceTree = "<group>"; };
		04A530DD1A14EFAC00B3C8FA /* AnimationEngin.m */ = {isa = PBXFileReference; fileEncoding = 4; lastKnownFileType = sourcecode.c.objc; path = AnimationEngin.m; sourceTree = "<group>"; };
		04C7422C1A35DA2600ACB0D4 /* moon.png */ = {isa = PBXFileReference; lastKnownFileType = image.png; path = moon.png; sourceTree = "<group>"; };
		04E6E8341A406D8C00DADB3E /* FXBlurView.h */ = {isa = PBXFileReference; fileEncoding = 4; lastKnownFileType = sourcecode.c.h; path = FXBlurView.h; sourceTree = "<group>"; };
		04E6E8351A406D8C00DADB3E /* FXBlurView.m */ = {isa = PBXFileReference; fileEncoding = 4; lastKnownFileType = sourcecode.c.objc; path = FXBlurView.m; sourceTree = "<group>"; };
		04F6920A1A446E3E003F33A4 /* chaojimali.mp3 */ = {isa = PBXFileReference; lastKnownFileType = audio.mp3; path = chaojimali.mp3; sourceTree = "<group>"; };
		04F7512B1A2F44AE00823C6D /* KeepTimer.h */ = {isa = PBXFileReference; fileEncoding = 4; lastKnownFileType = sourcecode.c.h; path = KeepTimer.h; sourceTree = "<group>"; };
		04F7512C1A2F44AE00823C6D /* KeepTimer.m */ = {isa = PBXFileReference; fileEncoding = 4; lastKnownFileType = sourcecode.c.objc; path = KeepTimer.m; sourceTree = "<group>"; };
/* End PBXFileReference section */

/* Begin PBXFrameworksBuildPhase section */
		046DFAAE19D65E3D0012AFBA /* Frameworks */ = {
			isa = PBXFrameworksBuildPhase;
			buildActionMask = 2147483647;
			files = (
				044AA9B31A162410001DE8BD /* libsqlite3.dylib in Frameworks */,
				044AA9B11A162307001DE8BD /* libstdc++.dylib in Frameworks */,
				044AA9AF1A1622FB001DE8BD /* Security.framework in Frameworks */,
				044AA9AD1A1622F5001DE8BD /* libz.1.2.5.dylib in Frameworks */,
				044AA9AB1A1622E5001DE8BD /* libicucore.dylib in Frameworks */,
				044AA9A91A1622D6001DE8BD /* CoreTelephony.framework in Frameworks */,
				044AA9A71A1622C0001DE8BD /* SystemConfiguration.framework in Frameworks */,
				044AA98F1A16229F001DE8BD /* QQConnection.framework in Frameworks */,
				044AA9A51A16229F001DE8BD /* ShareSDKShareActionSheet.framework in Frameworks */,
				044D53B11A0E637600D13456 /* AVFoundation.framework in Frameworks */,
				044AA99C1A16229F001DE8BD /* RennSDK.framework in Frameworks */,
				044AA9941A16229F001DE8BD /* WeChatConnection.framework in Frameworks */,
				044AA99D1A16229F001DE8BD /* libSinaWeiboSDK.a in Frameworks */,
				044AA9901A16229F001DE8BD /* QZoneConnection.framework in Frameworks */,
				044AA99F1A16229F001DE8BD /* libTCWeiboSDK.a in Frameworks */,
				04944E4919F68915002D43CD /* QuartzCore.framework in Frameworks */,
				044AA9911A16229F001DE8BD /* RenRenConnection.framework in Frameworks */,
				0458D8B319D8496C00F7E62D /* AudioToolbox.framework in Frameworks */,
				044AA9931A16229F001DE8BD /* TencentWeiboConnection.framework in Frameworks */,
				044AA9981A16229F001DE8BD /* ShareSDKCoreService.framework in Frameworks */,
				044AA9A41A16229F001DE8BD /* ShareSDKFlatShareViewUI.framework in Frameworks */,
				044AA9A01A16229F001DE8BD /* libWeChatSDK.a in Frameworks */,
				046DFAB719D65E3D0012AFBA /* CoreGraphics.framework in Frameworks */,
				044AA9991A16229F001DE8BD /* TencentOpenAPI.framework in Frameworks */,
				044AA9951A16229F001DE8BD /* AGCommon.framework in Frameworks */,
				046DFAB919D65E3D0012AFBA /* UIKit.framework in Frameworks */,
				044AA9921A16229F001DE8BD /* SinaWeiboConnection.framework in Frameworks */,
				046DFAB519D65E3D0012AFBA /* Foundation.framework in Frameworks */,
				044AA9A11A16229F001DE8BD /* ShareSDK.framework in Frameworks */,
			);
			runOnlyForDeploymentPostprocessing = 0;
		};
		046DFAD219D65E3D0012AFBA /* Frameworks */ = {
			isa = PBXFrameworksBuildPhase;
			buildActionMask = 2147483647;
			files = (
				046DFAD719D65E3D0012AFBA /* XCTest.framework in Frameworks */,
				046DFAD919D65E3D0012AFBA /* UIKit.framework in Frameworks */,
				046DFAD819D65E3D0012AFBA /* Foundation.framework in Frameworks */,
			);
			runOnlyForDeploymentPostprocessing = 0;
		};
/* End PBXFrameworksBuildPhase section */

/* Begin PBXGroup section */
		04335DE61A20CB900054715B /* iOS毛玻璃效果 */ = {
			isa = PBXGroup;
			children = (
				04E6E8341A406D8C00DADB3E /* FXBlurView.h */,
				04E6E8351A406D8C00DADB3E /* FXBlurView.m */,
				04335DE71A20CB900054715B /* DRNRealTimeBlurView.h */,
				04335DE81A20CB900054715B /* DRNRealTimeBlurView.m */,
				04335DE91A20CB900054715B /* UIImage+BoxBlur.h */,
				04335DEA1A20CB900054715B /* UIImage+BoxBlur.m */,
			);
			path = "iOS毛玻璃效果";
			sourceTree = "<group>";
		};
		0441B7681A2E02DD006B836A /* PulsingHalo */ = {
			isa = PBXGroup;
			children = (
				0441B7691A2E02DD006B836A /* PulsingHaloLayer.h */,
				0441B76A1A2E02DD006B836A /* PulsingHaloLayer.m */,
			);
			path = PulsingHalo;
			sourceTree = "<group>";
		};
		044AA9681A16229F001DE8BD /* ShareSDK-iOS-v2.10.1 */ = {
			isa = PBXGroup;
			children = (
				044AA9691A16229F001DE8BD /* Connection */,
				044AA9701A16229F001DE8BD /* Core */,
				044AA9771A16229F001DE8BD /* Extend */,
				044AA9891A16229F001DE8BD /* ShareSDK.framework */,
				044AA98A1A16229F001DE8BD /* ShareSDK备注.rtf */,
				044AA98B1A16229F001DE8BD /* UI */,
			);
			path = "ShareSDK-iOS-v2.10.1";
			sourceTree = "<group>";
		};
		044AA9691A16229F001DE8BD /* Connection */ = {
			isa = PBXGroup;
			children = (
				044AA96A1A16229F001DE8BD /* QQConnection.framework */,
				044AA96B1A16229F001DE8BD /* QZoneConnection.framework */,
				044AA96C1A16229F001DE8BD /* RenRenConnection.framework */,
				044AA96D1A16229F001DE8BD /* SinaWeiboConnection.framework */,
				044AA96E1A16229F001DE8BD /* TencentWeiboConnection.framework */,
				044AA96F1A16229F001DE8BD /* WeChatConnection.framework */,
			);
			path = Connection;
			sourceTree = "<group>";
		};
		044AA9701A16229F001DE8BD /* Core */ = {
			isa = PBXGroup;
			children = (
				044AA9711A16229F001DE8BD /* AGCommon.framework */,
				044AA9721A16229F001DE8BD /* ShareSDKLocalizable.strings */,
				044AA9741A16229F001DE8BD /* Resource.bundle */,
				044AA9751A16229F001DE8BD /* ShareSDKCoreService.framework */,
			);
			path = Core;
			sourceTree = "<group>";
		};
		044AA9771A16229F001DE8BD /* Extend */ = {
			isa = PBXGroup;
			children = (
				044AA9781A16229F001DE8BD /* QQConnectSDK */,
				044AA97B1A16229F001DE8BD /* RenRenSDK */,
				044AA97E1A16229F001DE8BD /* SinaWeiboSDK */,
				044AA9821A16229F001DE8BD /* TencentWeiboSDK */,
				044AA9851A16229F001DE8BD /* WeChatSDK */,
			);
			path = Extend;
			sourceTree = "<group>";
		};
		044AA9781A16229F001DE8BD /* QQConnectSDK */ = {
			isa = PBXGroup;
			children = (
				044AA9791A16229F001DE8BD /* TencentOpenAPI.framework */,
				044AA97A1A16229F001DE8BD /* TencentOpenApi_IOS_Bundle.bundle */,
			);
			path = QQConnectSDK;
			sourceTree = "<group>";
		};
		044AA97B1A16229F001DE8BD /* RenRenSDK */ = {
			isa = PBXGroup;
			children = (
				044AA97C1A16229F001DE8BD /* RennSDK.bundle */,
				044AA97D1A16229F001DE8BD /* RennSDK.framework */,
			);
			path = RenRenSDK;
			sourceTree = "<group>";
		};
		044AA97E1A16229F001DE8BD /* SinaWeiboSDK */ = {
			isa = PBXGroup;
			children = (
				044AA97F1A16229F001DE8BD /* libSinaWeiboSDK.a */,
				044AA9801A16229F001DE8BD /* WeiboSDK.bundle */,
				044AA9811A16229F001DE8BD /* WeiboSDK.h */,
			);
			path = SinaWeiboSDK;
			sourceTree = "<group>";
		};
		044AA9821A16229F001DE8BD /* TencentWeiboSDK */ = {
			isa = PBXGroup;
			children = (
				044AA9831A16229F001DE8BD /* libTCWeiboSDK.a */,
				044AA9841A16229F001DE8BD /* WeiboApi.h */,
			);
			path = TencentWeiboSDK;
			sourceTree = "<group>";
		};
		044AA9851A16229F001DE8BD /* WeChatSDK */ = {
			isa = PBXGroup;
			children = (
				044AA9861A16229F001DE8BD /* libWeChatSDK.a */,
				044AA9871A16229F001DE8BD /* WXApi.h */,
				044AA9881A16229F001DE8BD /* WXApiObject.h */,
			);
			path = WeChatSDK;
			sourceTree = "<group>";
		};
		044AA98B1A16229F001DE8BD /* UI */ = {
			isa = PBXGroup;
			children = (
				044AA98C1A16229F001DE8BD /* ShareSDKFlatShareViewUI.bundle */,
				044AA98D1A16229F001DE8BD /* ShareSDKFlatShareViewUI.framework */,
				044AA98E1A16229F001DE8BD /* ShareSDKShareActionSheet.framework */,
			);
			path = UI;
			sourceTree = "<group>";
		};
		044D53B21A0E673700D13456 /* image */ = {
			isa = PBXGroup;
			children = (
				04335DEE1A20DC6D0054715B /* waitting.png */,
				04575D141A0FA707007FD0EE /* play.png */,
				04575D151A0FA707007FD0EE /* stop.png */,
				044D53B41A0E673700D13456 /* clound.png */,
				044D53B71A0E673700D13456 /* FruitImage */,
				044D53BF1A0E673700D13456 /* Glede */,
				044D53C31A0E673700D13456 /* ground_1.png */,
				044D53C41A0E673700D13456 /* ground_2.png */,
				044D53C51A0E673700D13456 /* ground_3.png */,
				044D53C61A0E673700D13456 /* Paopao */,
				044D53C91A0E673700D13456 /* rail.png */,
				044D53CA1A0E673700D13456 /* sky.png */,
				044D53CC1A0E673700D13456 /* sun.png */,
				044D53CD1A0E673700D13456 /* Tree */,
				044D53D31A0E673700D13456 /* tuzi.png */,
				044D53D41A0E673700D13456 /* tuzi2.png */,
				044D53D51A0E673700D13456 /* yun.png */,
			);
			path = image;
			sourceTree = "<group>";
		};
		044D53B71A0E673700D13456 /* FruitImage */ = {
			isa = PBXGroup;
			children = (
				044D53B81A0E673700D13456 /* 1.png */,
				044D53B91A0E673700D13456 /* 2.png */,
				044D53BA1A0E673700D13456 /* 3.png */,
				044D53BB1A0E673700D13456 /* 4.png */,
				044D53BC1A0E673700D13456 /* 5.png */,
				044D53BD1A0E673700D13456 /* 6.png */,
				044D53BE1A0E673700D13456 /* 7.png */,
			);
			path = FruitImage;
			sourceTree = "<group>";
		};
		044D53BF1A0E673700D13456 /* Glede */ = {
			isa = PBXGroup;
			children = (
				044D53C01A0E673700D13456 /* glede.png */,
				044D53C11A0E673700D13456 /* glede1.png */,
				044D53C21A0E673700D13456 /* glede2.png */,
				049285A21A41B87C009CC9F2 /* glede3.png */,
				049285A31A41B87C009CC9F2 /* glede4.png */,
				049285A41A41B87C009CC9F2 /* glede5.png */,
			);
			path = Glede;
			sourceTree = "<group>";
		};
		044D53C61A0E673700D13456 /* Paopao */ = {
			isa = PBXGroup;
			children = (
				045994251A137D1100B4615F /* paopao1.png */,
				047822B21A137C5B000AE721 /* paopao0.png */,
				047822AC1A137BCC000AE721 /* lock.png */,
				044D53C71A0E673700D13456 /* paopao_L.png */,
				044D53C81A0E673700D13456 /* paopao_R.png */,
			);
			path = Paopao;
			sourceTree = "<group>";
		};
		044D53CD1A0E673700D13456 /* Tree */ = {
			isa = PBXGroup;
			children = (
				044D53CE1A0E673700D13456 /* tree1.png */,
				044D53CF1A0E673700D13456 /* tree2.png */,
				044D53D01A0E673700D13456 /* tree3.png */,
				044D53D11A0E673700D13456 /* tree4.png */,
				044D53D21A0E673700D13456 /* tree5.png */,
				049285941A41B133009CC9F2 /* tree6.png */,
				049285951A41B133009CC9F2 /* tree7.png */,
				049285961A41B133009CC9F2 /* tree8.png */,
				0492859A1A41B871009CC9F2 /* tree9.png */,
				0492859B1A41B871009CC9F2 /* tree10.png */,
				0492859C1A41B871009CC9F2 /* tree11.png */,
				0492859D1A41B871009CC9F2 /* tree12.png */,
			);
			path = Tree;
			sourceTree = "<group>";
		};
		044D53D61A0E673700D13456 /* music */ = {
			isa = PBXGroup;
			children = (
				044D53D71A0E673700D13456 /* bgmusic.mp3 */,
				044D53D81A0E673700D13456 /* storyMusic.mp3 */,
			);
			path = music;
			sourceTree = "<group>";
		};
		0459942A1A13AA4100B4615F /* MainView */ = {
			isa = PBXGroup;
			children = (
				0459942F1A13AA4200B4615F /* StoryView.h */,
				045994301A13AA4200B4615F /* StoryView.m */,
				0459942B1A13AA4100B4615F /* CheckPostView.h */,
				0459942C1A13AA4100B4615F /* CheckPostView.m */,
				0459942D1A13AA4100B4615F /* SceneView.h */,
				0459942E1A13AA4200B4615F /* SceneView.m */,
			);
			path = MainView;
			sourceTree = "<group>";
		};
		045994311A13AA4200B4615F /* Manager */ = {
			isa = PBXGroup;
			children = (
				045994321A13AA4200B4615F /* GameSetManager.h */,
				045994331A13AA4200B4615F /* GameSetManager.m */,
				045994341A13AA4200B4615F /* MusicManager.h */,
				045994351A13AA4200B4615F /* MusicManager.m */,
			);
			path = Manager;
			sourceTree = "<group>";
		};
		045994361A13AA4200B4615F /* Resource */ = {
			isa = PBXGroup;
			children = (
				045994371A13AA4200B4615F /* Localizable.strings */,
				045994391A13AA4200B4615F /* image */,
				045994621A13AA4200B4615F /* music */,
			);
			path = Resource;
			sourceTree = "<group>";
		};
		045994391A13AA4200B4615F /* image */ = {
			isa = PBXGroup;
			children = (
				04C7422C1A35DA2600ACB0D4 /* moon.png */,
				044AA9B41A162736001DE8BD /* share.png */,
				0459943B1A13AA4200B4615F /* clound.png */,
				0459943E1A13AA4200B4615F /* FruitImage */,
				045994461A13AA4200B4615F /* Glede */,
				0459944A1A13AA4200B4615F /* ground_1.png */,
				0459944B1A13AA4200B4615F /* ground_2.png */,
				0459944C1A13AA4200B4615F /* ground_3.png */,
				0459944D1A13AA4200B4615F /* Paopao */,
				045994531A13AA4200B4615F /* play.png */,
				045994541A13AA4200B4615F /* rail.png */,
				045994551A13AA4200B4615F /* sky.png */,
				045994561A13AA4200B4615F /* stop.png */,
				045994581A13AA4200B4615F /* sun.png */,
				045994591A13AA4200B4615F /* Tree */,
				0459945F1A13AA4200B4615F /* tuzi.png */,
				045994601A13AA4200B4615F /* tuzi2.png */,
				045994611A13AA4200B4615F /* yun.png */,
			);
			path = image;
			sourceTree = "<group>";
		};
		0459943E1A13AA4200B4615F /* FruitImage */ = {
			isa = PBXGroup;
			children = (
				0459943F1A13AA4200B4615F /* 1.png */,
				045994401A13AA4200B4615F /* 2.png */,
				045994411A13AA4200B4615F /* 3.png */,
				045994421A13AA4200B4615F /* 4.png */,
				045994431A13AA4200B4615F /* 5.png */,
				045994441A13AA4200B4615F /* 6.png */,
				045994451A13AA4200B4615F /* 7.png */,
			);
			path = FruitImage;
			sourceTree = "<group>";
		};
		045994461A13AA4200B4615F /* Glede */ = {
			isa = PBXGroup;
			children = (
				045994471A13AA4200B4615F /* glede.png */,
				045994481A13AA4200B4615F /* glede1.png */,
				045994491A13AA4200B4615F /* glede2.png */,
			);
			path = Glede;
			sourceTree = "<group>";
		};
		0459944D1A13AA4200B4615F /* Paopao */ = {
			isa = PBXGroup;
			children = (
				0459944E1A13AA4200B4615F /* lock.png */,
				0459944F1A13AA4200B4615F /* paopao0.png */,
				045994501A13AA4200B4615F /* paopao1.png */,
				045994511A13AA4200B4615F /* paopao_L.png */,
				045994521A13AA4200B4615F /* paopao_R.png */,
			);
			path = Paopao;
			sourceTree = "<group>";
		};
		045994591A13AA4200B4615F /* Tree */ = {
			isa = PBXGroup;
			children = (
				0459945A1A13AA4200B4615F /* tree1.png */,
				0459945B1A13AA4200B4615F /* tree2.png */,
				0459945C1A13AA4200B4615F /* tree3.png */,
				0459945D1A13AA4200B4615F /* tree4.png */,
				0459945E1A13AA4200B4615F /* tree5.png */,
			);
			path = Tree;
			sourceTree = "<group>";
		};
		045994621A13AA4200B4615F /* music */ = {
			isa = PBXGroup;
			children = (
				04F6920A1A446E3E003F33A4 /* chaojimali.mp3 */,
				049285AA1A41C8A1009CC9F2 /* success.mp3 */,
				049285A81A41C1E0009CC9F2 /* huoying.mp3 */,
				045994631A13AA4200B4615F /* bgmusic.mp3 */,
				045994641A13AA4200B4615F /* storyMusic.mp3 */,
			);
			path = music;
			sourceTree = "<group>";
		};
		045994661A13AA4200B4615F /* SpiritView */ = {
			isa = PBXGroup;
			children = (
				045994671A13AA4200B4615F /* RabbiterView.h */,
				045994681A13AA4200B4615F /* RabbiterView.m */,
			);
			path = SpiritView;
			sourceTree = "<group>";
		};
		045994691A13AA4200B4615F /* Utility */ = {
			isa = PBXGroup;
			children = (
				04F7512A1A2F44AE00823C6D /* 定时器 */,
				0441B7681A2E02DD006B836A /* PulsingHalo */,
				04335DE61A20CB900054715B /* iOS毛玻璃效果 */,
				04A530DB1A14EFAC00B3C8FA /* AnimationEngin */,
				0459946A1A13AA4200B4615F /* KIAlertView */,
				0459946D1A13AA4200B4615F /* KProgressHUD */,
				045994701A13AA4200B4615F /* Utils.h */,
				045994711A13AA4200B4615F /* Utils.m */,
			);
			path = Utility;
			sourceTree = "<group>";
		};
		0459946A1A13AA4200B4615F /* KIAlertView */ = {
			isa = PBXGroup;
			children = (
				0459946B1A13AA4200B4615F /* KIAlertView.h */,
				0459946C1A13AA4200B4615F /* KIAlertView.m */,
			);
			path = KIAlertView;
			sourceTree = "<group>";
		};
		0459946D1A13AA4200B4615F /* KProgressHUD */ = {
			isa = PBXGroup;
			children = (
				0459946E1A13AA4200B4615F /* KProgressHUD.h */,
				0459946F1A13AA4200B4615F /* KProgressHUD.m */,
			);
			path = KProgressHUD;
			sourceTree = "<group>";
		};
		046DFAA819D65E3D0012AFBA = {
			isa = PBXGroup;
			children = (
				046DFABA19D65E3D0012AFBA /* CrazyRabbiter */,
				046DFADC19D65E3D0012AFBA /* CrazyRabbiterTests */,
				046DFAB319D65E3D0012AFBA /* Frameworks */,
				046DFAB219D65E3D0012AFBA /* Products */,
			);
			sourceTree = "<group>";
		};
		046DFAB219D65E3D0012AFBA /* Products */ = {
			isa = PBXGroup;
			children = (
				046DFAB119D65E3D0012AFBA /* CrazyRabbiter.app */,
				046DFAD519D65E3D0012AFBA /* CrazyRabbiterTests.xctest */,
			);
			name = Products;
			sourceTree = "<group>";
		};
		046DFAB319D65E3D0012AFBA /* Frameworks */ = {
			isa = PBXGroup;
			children = (
				044AA9B21A162410001DE8BD /* libsqlite3.dylib */,
				044AA9B01A162307001DE8BD /* libstdc++.dylib */,
				044AA9AE1A1622FB001DE8BD /* Security.framework */,
				044AA9AC1A1622F5001DE8BD /* libz.1.2.5.dylib */,
				044AA9AA1A1622E5001DE8BD /* libicucore.dylib */,
				044AA9A81A1622D6001DE8BD /* CoreTelephony.framework */,
				044AA9A61A1622C0001DE8BD /* SystemConfiguration.framework */,
				044D53B01A0E637600D13456 /* AVFoundation.framework */,
				04944E4819F68915002D43CD /* QuartzCore.framework */,
				0458D8B219D8496C00F7E62D /* AudioToolbox.framework */,
				046DFAB419D65E3D0012AFBA /* Foundation.framework */,
				046DFAB619D65E3D0012AFBA /* CoreGraphics.framework */,
				046DFAB819D65E3D0012AFBA /* UIKit.framework */,
				046DFAD619D65E3D0012AFBA /* XCTest.framework */,
			);
			name = Frameworks;
			sourceTree = "<group>";
		};
		046DFABA19D65E3D0012AFBA /* CrazyRabbiter */ = {
			isa = PBXGroup;
			children = (
				04253FA519DC52040087C4A5 /* Icon-120.png */,
				04253FA619DC52040087C4A5 /* Icon.png */,
				04253FA719DC52040087C4A5 /* Icon@2x.png */,
				046DFAC619D65E3D0012AFBA /* Main_iPhone.storyboard */,
				046DFAC919D65E3D0012AFBA /* Main_iPad.storyboard */,
				046DFAFB19D666250012AFBA /* GlobalDefine.h */,
				046DFAC319D65E3D0012AFBA /* AppDelegate.h */,
				046DFAC419D65E3D0012AFBA /* AppDelegate.m */,
				046DFACC19D65E3D0012AFBA /* ViewController.h */,
				046DFACD19D65E3D0012AFBA /* ViewController.m */,
				044AA9681A16229F001DE8BD /* ShareSDK-iOS-v2.10.1 */,
				0459942A1A13AA4100B4615F /* MainView */,
				045994311A13AA4200B4615F /* Manager */,
				045994361A13AA4200B4615F /* Resource */,
				045994661A13AA4200B4615F /* SpiritView */,
				045994691A13AA4200B4615F /* Utility */,
				046DFAF219D662020012AFBA /* Resource */,
				046DFACF19D65E3D0012AFBA /* Images.xcassets */,
				046DFABB19D65E3D0012AFBA /* Supporting Files */,
			);
			path = CrazyRabbiter;
			sourceTree = "<group>";
		};
		046DFABB19D65E3D0012AFBA /* Supporting Files */ = {
			isa = PBXGroup;
			children = (
				046DFABC19D65E3D0012AFBA /* CrazyRabbiter-Info.plist */,
				046DFABD19D65E3D0012AFBA /* InfoPlist.strings */,
				046DFAC019D65E3D0012AFBA /* main.m */,
				046DFAC219D65E3D0012AFBA /* CrazyRabbiter-Prefix.pch */,
			);
			name = "Supporting Files";
			sourceTree = "<group>";
		};
		046DFADC19D65E3D0012AFBA /* CrazyRabbiterTests */ = {
			isa = PBXGroup;
			children = (
				046DFAE219D65E3D0012AFBA /* CrazyRabbiterTests.m */,
				046DFADD19D65E3D0012AFBA /* Supporting Files */,
			);
			path = CrazyRabbiterTests;
			sourceTree = "<group>";
		};
		046DFADD19D65E3D0012AFBA /* Supporting Files */ = {
			isa = PBXGroup;
			children = (
				046DFADE19D65E3D0012AFBA /* CrazyRabbiterTests-Info.plist */,
				046DFADF19D65E3D0012AFBA /* InfoPlist.strings */,
			);
			name = "Supporting Files";
			sourceTree = "<group>";
		};
		046DFAF219D662020012AFBA /* Resource */ = {
			isa = PBXGroup;
			children = (
				044D53FD1A0E675300D13456 /* Localizable.strings */,
				044D53B21A0E673700D13456 /* image */,
				044D53D61A0E673700D13456 /* music */,
			);
			path = Resource;
			sourceTree = "<group>";
		};
		04A530DB1A14EFAC00B3C8FA /* AnimationEngin */ = {
			isa = PBXGroup;
			children = (
				04A530DC1A14EFAC00B3C8FA /* AnimationEngin.h */,
				04A530DD1A14EFAC00B3C8FA /* AnimationEngin.m */,
			);
			path = AnimationEngin;
			sourceTree = "<group>";
		};
		04F7512A1A2F44AE00823C6D /* 定时器 */ = {
			isa = PBXGroup;
			children = (
				04F7512B1A2F44AE00823C6D /* KeepTimer.h */,
				04F7512C1A2F44AE00823C6D /* KeepTimer.m */,
			);
			path = "定时器";
			sourceTree = "<group>";
		};
/* End PBXGroup section */

/* Begin PBXNativeTarget section */
		046DFAB019D65E3D0012AFBA /* CrazyRabbiter */ = {
			isa = PBXNativeTarget;
			buildConfigurationList = 046DFAE619D65E3D0012AFBA /* Build configuration list for PBXNativeTarget "CrazyRabbiter" */;
			buildPhases = (
				046DFAAD19D65E3D0012AFBA /* Sources */,
				046DFAAE19D65E3D0012AFBA /* Frameworks */,
				046DFAAF19D65E3D0012AFBA /* Resources */,
			);
			buildRules = (
			);
			dependencies = (
			);
			name = CrazyRabbiter;
			productName = CrazyRabbiter;
			productReference = 046DFAB119D65E3D0012AFBA /* CrazyRabbiter.app */;
			productType = "com.apple.product-type.application";
		};
		046DFAD419D65E3D0012AFBA /* CrazyRabbiterTests */ = {
			isa = PBXNativeTarget;
			buildConfigurationList = 046DFAE919D65E3D0012AFBA /* Build configuration list for PBXNativeTarget "CrazyRabbiterTests" */;
			buildPhases = (
				046DFAD119D65E3D0012AFBA /* Sources */,
				046DFAD219D65E3D0012AFBA /* Frameworks */,
				046DFAD319D65E3D0012AFBA /* Resources */,
			);
			buildRules = (
			);
			dependencies = (
				046DFADB19D65E3D0012AFBA /* PBXTargetDependency */,
			);
			name = CrazyRabbiterTests;
			productName = CrazyRabbiterTests;
			productReference = 046DFAD519D65E3D0012AFBA /* CrazyRabbiterTests.xctest */;
			productType = "com.apple.product-type.bundle.unit-test";
		};
/* End PBXNativeTarget section */

/* Begin PBXProject section */
		046DFAA919D65E3D0012AFBA /* Project object */ = {
			isa = PBXProject;
			attributes = {
				LastUpgradeCheck = 0510;
				ORGANIZATIONNAME = "康起军";
				TargetAttributes = {
					046DFAD419D65E3D0012AFBA = {
						TestTargetID = 046DFAB019D65E3D0012AFBA;
					};
				};
			};
			buildConfigurationList = 046DFAAC19D65E3D0012AFBA /* Build configuration list for PBXProject "CrazyRabbiter" */;
			compatibilityVersion = "Xcode 3.2";
			developmentRegion = English;
			hasScannedForEncodings = 0;
			knownRegions = (
				en,
				Base,
				"zh-Hans",
			);
			mainGroup = 046DFAA819D65E3D0012AFBA;
			productRefGroup = 046DFAB219D65E3D0012AFBA /* Products */;
			projectDirPath = "";
			projectRoot = "";
			targets = (
				046DFAB019D65E3D0012AFBA /* CrazyRabbiter */,
				046DFAD419D65E3D0012AFBA /* CrazyRabbiterTests */,
			);
		};
/* End PBXProject section */

/* Begin PBXResourcesBuildPhase section */
		046DFAAF19D65E3D0012AFBA /* Resources */ = {
			isa = PBXResourcesBuildPhase;
			buildActionMask = 2147483647;
			files = (
				044D53DF1A0E673700D13456 /* 1.png in Resources */,
				04575D161A0FA707007FD0EE /* play.png in Resources */,
				049285971A41B133009CC9F2 /* tree6.png in Resources */,
				0459947D1A13AA4200B4615F /* 3.png in Resources */,
				049285A71A41B87C009CC9F2 /* glede5.png in Resources */,
				044AA9A21A16229F001DE8BD /* ShareSDK备注.rtf in Resources */,
				045994791A13AA4200B4615F /* clound.png in Resources */,
				044D53EC1A0E673700D13456 /* paopao_L.png in Resources */,
				046DFACB19D65E3D0012AFBA /* Main_iPad.storyboard in Resources */,
				04575D171A0FA707007FD0EE /* stop.png in Resources */,
				044D53E61A0E673700D13456 /* glede.png in Resources */,
				044D53FF1A0E675300D13456 /* Localizable.strings in Resources */,
				0492859E1A41B871009CC9F2 /* tree9.png in Resources */,
				044D53F11A0E673700D13456 /* sun.png in Resources */,
				045994831A13AA4200B4615F /* glede1.png in Resources */,
				045994891A13AA4200B4615F /* paopao0.png in Resources */,
				0459947C1A13AA4200B4615F /* 2.png in Resources */,
				04F6920B1A446E3E003F33A4 /* chaojimali.mp3 in Resources */,
				044D53DD1A0E673700D13456 /* clound.png in Resources */,
				045994841A13AA4200B4615F /* glede2.png in Resources */,
				049285A61A41B87C009CC9F2 /* glede4.png in Resources */,
				0459947F1A13AA4200B4615F /* 5.png in Resources */,
				0459947E1A13AA4200B4615F /* 4.png in Resources */,
				0459948B1A13AA4200B4615F /* paopao_L.png in Resources */,
				044D53EF1A0E673700D13456 /* sky.png in Resources */,
				045994931A13AA4200B4615F /* tree1.png in Resources */,
				044D53F31A0E673700D13456 /* tree2.png in Resources */,
				044AA99B1A16229F001DE8BD /* RennSDK.bundle in Resources */,
				045994921A13AA4200B4615F /* sun.png in Resources */,
				04335DEF1A20DC6D0054715B /* waitting.png in Resources */,
				045994881A13AA4200B4615F /* lock.png in Resources */,
				049285A91A41C1E0009CC9F2 /* huoying.mp3 in Resources */,
				044D53ED1A0E673700D13456 /* paopao_R.png in Resources */,
				044AA9961A16229F001DE8BD /* ShareSDKLocalizable.strings in Resources */,
				045994871A13AA4200B4615F /* ground_3.png in Resources */,
				044D53F71A0E673700D13456 /* tuzi.png in Resources */,
				045994811A13AA4200B4615F /* 7.png in Resources */,
				044D53E91A0E673700D13456 /* ground_1.png in Resources */,
				049285AB1A41C8A1009CC9F2 /* success.mp3 in Resources */,
				0492859F1A41B871009CC9F2 /* tree10.png in Resources */,
				046DFAD019D65E3D0012AFBA /* Images.xcassets in Resources */,
				044AA9B51A162736001DE8BD /* share.png in Resources */,
				045994901A13AA4200B4615F /* stop.png in Resources */,
				049285A51A41B87C009CC9F2 /* glede3.png in Resources */,
				045994851A13AA4200B4615F /* ground_1.png in Resources */,
				046DFAC819D65E3D0012AFBA /* Main_iPhone.storyboard in Resources */,
				044D53FA1A0E673700D13456 /* bgmusic.mp3 in Resources */,
				0459949A1A13AA4200B4615F /* yun.png in Resources */,
				049285A01A41B871009CC9F2 /* tree11.png in Resources */,
				045994941A13AA4200B4615F /* tree2.png in Resources */,
				044D53E31A0E673700D13456 /* 5.png in Resources */,
				047822AF1A137BCC000AE721 /* lock.png in Resources */,
				0459948F1A13AA4200B4615F /* sky.png in Resources */,
				049285991A41B133009CC9F2 /* tree8.png in Resources */,
				044D53E81A0E673700D13456 /* glede2.png in Resources */,
				044D53FB1A0E673700D13456 /* storyMusic.mp3 in Resources */,
				045994951A13AA4200B4615F /* tree3.png in Resources */,
				045994801A13AA4200B4615F /* 6.png in Resources */,
				044D53E51A0E673700D13456 /* 7.png in Resources */,
				0459947B1A13AA4200B4615F /* 1.png in Resources */,
				044D53E01A0E673700D13456 /* 2.png in Resources */,
				044D53EA1A0E673700D13456 /* ground_2.png in Resources */,
				044D53E21A0E673700D13456 /* 4.png in Resources */,
				0459949C1A13AA4200B4615F /* storyMusic.mp3 in Resources */,
				045994821A13AA4200B4615F /* glede.png in Resources */,
				0459949B1A13AA4200B4615F /* bgmusic.mp3 in Resources */,
				044D53F61A0E673700D13456 /* tree5.png in Resources */,
				044D53E71A0E673700D13456 /* glede1.png in Resources */,
				044D53E11A0E673700D13456 /* 3.png in Resources */,
				0459948D1A13AA4200B4615F /* play.png in Resources */,
				0459948A1A13AA4200B4615F /* paopao1.png in Resources */,
				044AA99E1A16229F001DE8BD /* WeiboSDK.bundle in Resources */,
				04C7422D1A35DA2600ACB0D4 /* moon.png in Resources */,
				047822B31A137C5B000AE721 /* paopao0.png in Resources */,
				045994971A13AA4200B4615F /* tree5.png in Resources */,
				0459948C1A13AA4200B4615F /* paopao_R.png in Resources */,
				049285A11A41B871009CC9F2 /* tree12.png in Resources */,
				049285981A41B133009CC9F2 /* tree7.png in Resources */,
				046DFABF19D65E3D0012AFBA /* InfoPlist.strings in Resources */,
				045994961A13AA4200B4615F /* tree4.png in Resources */,
				044D53F81A0E673700D13456 /* tuzi2.png in Resources */,
				044D53F21A0E673700D13456 /* tree1.png in Resources */,
				044AA99A1A16229F001DE8BD /* TencentOpenApi_IOS_Bundle.bundle in Resources */,
				04253FAA19DC52040087C4A5 /* Icon@2x.png in Resources */,
				044D53F51A0E673700D13456 /* tree4.png in Resources */,
				044D53EB1A0E673700D13456 /* ground_3.png in Resources */,
				04253FA919DC52040087C4A5 /* Icon.png in Resources */,
				044D53EE1A0E673700D13456 /* rail.png in Resources */,
				045994991A13AA4200B4615F /* tuzi2.png in Resources */,
				045994261A137D1100B4615F /* paopao1.png in Resources */,
				044AA9971A16229F001DE8BD /* Resource.bundle in Resources */,
				045994771A13AA4200B4615F /* Localizable.strings in Resources */,
				045994981A13AA4200B4615F /* tuzi.png in Resources */,
				044D53E41A0E673700D13456 /* 6.png in Resources */,
				04253FA819DC52040087C4A5 /* Icon-120.png in Resources */,
				044D53F41A0E673700D13456 /* tree3.png in Resources */,
				044AA9A31A16229F001DE8BD /* ShareSDKFlatShareViewUI.bundle in Resources */,
				044D53F91A0E673700D13456 /* yun.png in Resources */,
				045994861A13AA4200B4615F /* ground_2.png in Resources */,
				0459948E1A13AA4200B4615F /* rail.png in Resources */,
			);
			runOnlyForDeploymentPostprocessing = 0;
		};
		046DFAD319D65E3D0012AFBA /* Resources */ = {
			isa = PBXResourcesBuildPhase;
			buildActionMask = 2147483647;
			files = (
				046DFAE119D65E3D0012AFBA /* InfoPlist.strings in Resources */,
			);
			runOnlyForDeploymentPostprocessing = 0;
		};
/* End PBXResourcesBuildPhase section */

/* Begin PBXSourcesBuildPhase section */
		046DFAAD19D65E3D0012AFBA /* Sources */ = {
			isa = PBXSourcesBuildPhase;
			buildActionMask = 2147483647;
			files = (
				0441B76B1A2E02DD006B836A /* PulsingHaloLayer.m in Sources */,
				04F7512D1A2F44AE00823C6D /* KeepTimer.m in Sources */,
				04A530DA1A14E8BB00B3C8FA /* KProgressHUD.m in Sources */,
				04A530D91A14E8AD00B3C8FA /* MusicManager.m in Sources */,
				04A530D81A14E89C00B3C8FA /* GameSetManager.m in Sources */,
				04335DEC1A20CB900054715B /* UIImage+BoxBlur.m in Sources */,
				04335DEB1A20CB900054715B /* DRNRealTimeBlurView.m in Sources */,
				046DFACE19D65E3D0012AFBA /* ViewController.m in Sources */,
				045994721A13AA4200B4615F /* CheckPostView.m in Sources */,
				04A530DE1A14EFAC00B3C8FA /* AnimationEngin.m in Sources */,
				0459949D1A13AA4200B4615F /* RabbiterView.m in Sources */,
				045994A01A13AA4200B4615F /* Utils.m in Sources */,
				045994741A13AA4200B4615F /* StoryView.m in Sources */,
				0459949E1A13AA4200B4615F /* KIAlertView.m in Sources */,
				046DFAC519D65E3D0012AFBA /* AppDelegate.m in Sources */,
				046DFAC119D65E3D0012AFBA /* main.m in Sources */,
				045994731A13AA4200B4615F /* SceneView.m in Sources */,
				04E6E8361A406D8C00DADB3E /* FXBlurView.m in Sources */,
			);
			runOnlyForDeploymentPostprocessing = 0;
		};
		046DFAD119D65E3D0012AFBA /* Sources */ = {
			isa = PBXSourcesBuildPhase;
			buildActionMask = 2147483647;
			files = (
				046DFAE319D65E3D0012AFBA /* CrazyRabbiterTests.m in Sources */,
			);
			runOnlyForDeploymentPostprocessing = 0;
		};
/* End PBXSourcesBuildPhase section */

/* Begin PBXTargetDependency section */
		046DFADB19D65E3D0012AFBA /* PBXTargetDependency */ = {
			isa = PBXTargetDependency;
			target = 046DFAB019D65E3D0012AFBA /* CrazyRabbiter */;
			targetProxy = 046DFADA19D65E3D0012AFBA /* PBXContainerItemProxy */;
		};
/* End PBXTargetDependency section */

/* Begin PBXVariantGroup section */
		044AA9721A16229F001DE8BD /* ShareSDKLocalizable.strings */ = {
			isa = PBXVariantGroup;
			children = (
				044AA9731A16229F001DE8BD /* en */,
				044AA9761A16229F001DE8BD /* zh-Hans */,
			);
			name = ShareSDKLocalizable.strings;
			sourceTree = "<group>";
		};
		044D53FD1A0E675300D13456 /* Localizable.strings */ = {
			isa = PBXVariantGroup;
			children = (
				044D53FE1A0E675300D13456 /* zh-Hans */,
				044D54001A0E676400D13456 /* en */,
			);
			name = Localizable.strings;
			sourceTree = "<group>";
		};
		045994371A13AA4200B4615F /* Localizable.strings */ = {
			isa = PBXVariantGroup;
			children = (
				045994381A13AA4200B4615F /* en */,
				045994651A13AA4200B4615F /* zh-Hans */,
			);
			name = Localizable.strings;
			sourceTree = "<group>";
		};
		046DFABD19D65E3D0012AFBA /* InfoPlist.strings */ = {
			isa = PBXVariantGroup;
			children = (
				046DFABE19D65E3D0012AFBA /* en */,
				044D53A41A0E577F00D13456 /* zh-Hans */,
			);
			name = InfoPlist.strings;
			sourceTree = "<group>";
		};
		046DFAC619D65E3D0012AFBA /* Main_iPhone.storyboard */ = {
			isa = PBXVariantGroup;
			children = (
				046DFAC719D65E3D0012AFBA /* Base */,
				044D53A21A0E577F00D13456 /* zh-Hans */,
			);
			name = Main_iPhone.storyboard;
			sourceTree = "<group>";
		};
		046DFAC919D65E3D0012AFBA /* Main_iPad.storyboard */ = {
			isa = PBXVariantGroup;
			children = (
				046DFACA19D65E3D0012AFBA /* Base */,
				044D53A31A0E577F00D13456 /* zh-Hans */,
			);
			name = Main_iPad.storyboard;
			sourceTree = "<group>";
		};
		046DFADF19D65E3D0012AFBA /* InfoPlist.strings */ = {
			isa = PBXVariantGroup;
			children = (
				046DFAE019D65E3D0012AFBA /* en */,
				044D53A51A0E577F00D13456 /* zh-Hans */,
			);
			name = InfoPlist.strings;
			sourceTree = "<group>";
		};
/* End PBXVariantGroup section */

/* Begin XCBuildConfiguration section */
		046DFAE419D65E3D0012AFBA /* Debug */ = {
			isa = XCBuildConfiguration;
			buildSettings = {
				ALWAYS_SEARCH_USER_PATHS = NO;
				CLANG_CXX_LANGUAGE_STANDARD = "gnu++0x";
				CLANG_CXX_LIBRARY = "libc++";
				CLANG_ENABLE_MODULES = YES;
				CLANG_ENABLE_OBJC_ARC = YES;
				CLANG_WARN_BOOL_CONVERSION = YES;
				CLANG_WARN_CONSTANT_CONVERSION = YES;
				CLANG_WARN_DIRECT_OBJC_ISA_USAGE = YES_ERROR;
				CLANG_WARN_EMPTY_BODY = YES;
				CLANG_WARN_ENUM_CONVERSION = YES;
				CLANG_WARN_INT_CONVERSION = YES;
				CLANG_WARN_OBJC_ROOT_CLASS = YES_ERROR;
				CLANG_WARN__DUPLICATE_METHOD_MATCH = YES;
				"CODE_SIGN_IDENTITY[sdk=iphoneos*]" = "iPhone Developer";
				COPY_PHASE_STRIP = NO;
				GCC_C_LANGUAGE_STANDARD = gnu99;
				GCC_DYNAMIC_NO_PIC = NO;
				GCC_OPTIMIZATION_LEVEL = 0;
				GCC_PREPROCESSOR_DEFINITIONS = (
					"DEBUG=1",
					"$(inherited)",
				);
				GCC_SYMBOLS_PRIVATE_EXTERN = NO;
				GCC_WARN_64_TO_32_BIT_CONVERSION = YES;
				GCC_WARN_ABOUT_RETURN_TYPE = YES_ERROR;
				GCC_WARN_UNDECLARED_SELECTOR = YES;
				GCC_WARN_UNINITIALIZED_AUTOS = YES_AGGRESSIVE;
				GCC_WARN_UNUSED_FUNCTION = YES;
				GCC_WARN_UNUSED_VARIABLE = YES;
				IPHONEOS_DEPLOYMENT_TARGET = 7.1;
				ONLY_ACTIVE_ARCH = YES;
				SDKROOT = iphoneos;
				TARGETED_DEVICE_FAMILY = "1,2";
			};
			name = Debug;
		};
		046DFAE519D65E3D0012AFBA /* Release */ = {
			isa = XCBuildConfiguration;
			buildSettings = {
				ALWAYS_SEARCH_USER_PATHS = NO;
				CLANG_CXX_LANGUAGE_STANDARD = "gnu++0x";
				CLANG_CXX_LIBRARY = "libc++";
				CLANG_ENABLE_MODULES = YES;
				CLANG_ENABLE_OBJC_ARC = YES;
				CLANG_WARN_BOOL_CONVERSION = YES;
				CLANG_WARN_CONSTANT_CONVERSION = YES;
				CLANG_WARN_DIRECT_OBJC_ISA_USAGE = YES_ERROR;
				CLANG_WARN_EMPTY_BODY = YES;
				CLANG_WARN_ENUM_CONVERSION = YES;
				CLANG_WARN_INT_CONVERSION = YES;
				CLANG_WARN_OBJC_ROOT_CLASS = YES_ERROR;
				CLANG_WARN__DUPLICATE_METHOD_MATCH = YES;
				"CODE_SIGN_IDENTITY[sdk=iphoneos*]" = "iPhone Developer";
				COPY_PHASE_STRIP = YES;
				ENABLE_NS_ASSERTIONS = NO;
				GCC_C_LANGUAGE_STANDARD = gnu99;
				GCC_WARN_64_TO_32_BIT_CONVERSION = YES;
				GCC_WARN_ABOUT_RETURN_TYPE = YES_ERROR;
				GCC_WARN_UNDECLARED_SELECTOR = YES;
				GCC_WARN_UNINITIALIZED_AUTOS = YES_AGGRESSIVE;
				GCC_WARN_UNUSED_FUNCTION = YES;
				GCC_WARN_UNUSED_VARIABLE = YES;
				IPHONEOS_DEPLOYMENT_TARGET = 7.1;
				SDKROOT = iphoneos;
				TARGETED_DEVICE_FAMILY = "1,2";
				VALIDATE_PRODUCT = YES;
			};
			name = Release;
		};
		046DFAE719D65E3D0012AFBA /* Debug */ = {
			isa = XCBuildConfiguration;
			buildSettings = {
				ASSETCATALOG_COMPILER_APPICON_NAME = AppIcon;
				ASSETCATALOG_COMPILER_LAUNCHIMAGE_NAME = LaunchImage;
				CODE_SIGN_IDENTITY = "iPhone Developer:  Fu  Chen (F3RBTEA3ZQ)";
				"CODE_SIGN_IDENTITY[sdk=iphoneos*]" = "iPhone Developer:  Fu  Chen (F3RBTEA3ZQ)";
				FRAMEWORK_SEARCH_PATHS = (
					"$(inherited)",
					"$(PROJECT_DIR)/CrazyRabbiter/ShareSDK-iOS-v2.10.1/Connection",
					"$(PROJECT_DIR)/CrazyRabbiter/ShareSDK-iOS-v2.10.1/Core",
					"$(PROJECT_DIR)/CrazyRabbiter/ShareSDK-iOS-v2.10.1/Extend/QQConnectSDK",
					"$(PROJECT_DIR)/CrazyRabbiter/ShareSDK-iOS-v2.10.1/Extend/RenRenSDK",
					"$(PROJECT_DIR)/CrazyRabbiter/ShareSDK-iOS-v2.10.1",
					"$(PROJECT_DIR)/CrazyRabbiter/ShareSDK-iOS-v2.10.1/UI",
				);
				GCC_PRECOMPILE_PREFIX_HEADER = YES;
				GCC_PREFIX_HEADER = "CrazyRabbiter/CrazyRabbiter-Prefix.pch";
				INFOPLIST_FILE = "CrazyRabbiter/CrazyRabbiter-Info.plist";
				IPHONEOS_DEPLOYMENT_TARGET = 7.1;
				LIBRARY_SEARCH_PATHS = (
					"$(inherited)",
					"$(PROJECT_DIR)/CrazyRabbiter/ShareSDK-iOS-v2.10.1/Extend/SinaWeiboSDK",
					"$(PROJECT_DIR)/CrazyRabbiter/ShareSDK-iOS-v2.10.1/Extend/TencentWeiboSDK",
					"$(PROJECT_DIR)/CrazyRabbiter/ShareSDK-iOS-v2.10.1/Extend/WeChatSDK",
				);
				PRODUCT_NAME = CrazyRabbiter;
				PROVISIONING_PROFILE = "230d0e80-4e20-4d9c-8541-f41dc140ddab";
				TARGETED_DEVICE_FAMILY = 1;
				WRAPPER_EXTENSION = app;
			};
			name = Debug;
		};
		046DFAE819D65E3D0012AFBA /* Release */ = {
			isa = XCBuildConfiguration;
			buildSettings = {
				ASSETCATALOG_COMPILER_APPICON_NAME = AppIcon;
				ASSETCATALOG_COMPILER_LAUNCHIMAGE_NAME = LaunchImage;
				CODE_SIGN_IDENTITY = "iPhone Developer:  Fu  Chen (F3RBTEA3ZQ)";
				"CODE_SIGN_IDENTITY[sdk=iphoneos*]" = "iPhone Developer:  Fu  Chen (F3RBTEA3ZQ)";
				FRAMEWORK_SEARCH_PATHS = (
					"$(inherited)",
					"$(PROJECT_DIR)/CrazyRabbiter/ShareSDK-iOS-v2.10.1/Connection",
					"$(PROJECT_DIR)/CrazyRabbiter/ShareSDK-iOS-v2.10.1/Core",
					"$(PROJECT_DIR)/CrazyRabbiter/ShareSDK-iOS-v2.10.1/Extend/QQConnectSDK",
					"$(PROJECT_DIR)/CrazyRabbiter/ShareSDK-iOS-v2.10.1/Extend/RenRenSDK",
					"$(PROJECT_DIR)/CrazyRabbiter/ShareSDK-iOS-v2.10.1",
					"$(PROJECT_DIR)/CrazyRabbiter/ShareSDK-iOS-v2.10.1/UI",
				);
				GCC_PRECOMPILE_PREFIX_HEADER = YES;
				GCC_PREFIX_HEADER = "CrazyRabbiter/CrazyRabbiter-Prefix.pch";
				INFOPLIST_FILE = "CrazyRabbiter/CrazyRabbiter-Info.plist";
				IPHONEOS_DEPLOYMENT_TARGET = 7.1;
				LIBRARY_SEARCH_PATHS = (
					"$(inherited)",
					"$(PROJECT_DIR)/CrazyRabbiter/ShareSDK-iOS-v2.10.1/Extend/SinaWeiboSDK",
					"$(PROJECT_DIR)/CrazyRabbiter/ShareSDK-iOS-v2.10.1/Extend/TencentWeiboSDK",
					"$(PROJECT_DIR)/CrazyRabbiter/ShareSDK-iOS-v2.10.1/Extend/WeChatSDK",
				);
				PRODUCT_NAME = CrazyRabbiter;
				PROVISIONING_PROFILE = "230d0e80-4e20-4d9c-8541-f41dc140ddab";
				TARGETED_DEVICE_FAMILY = 1;
				WRAPPER_EXTENSION = app;
			};
			name = Release;
		};
		046DFAEA19D65E3D0012AFBA /* Debug */ = {
			isa = XCBuildConfiguration;
			buildSettings = {
				BUNDLE_LOADER = "$(BUILT_PRODUCTS_DIR)/CrazyRabbiter.app/CrazyRabbiter";
				FRAMEWORK_SEARCH_PATHS = (
					"$(SDKROOT)/Developer/Library/Frameworks",
					"$(inherited)",
					"$(DEVELOPER_FRAMEWORKS_DIR)",
				);
				GCC_PRECOMPILE_PREFIX_HEADER = YES;
				GCC_PREFIX_HEADER = "CrazyRabbiter/CrazyRabbiter-Prefix.pch";
				GCC_PREPROCESSOR_DEFINITIONS = (
					"DEBUG=1",
					"$(inherited)",
				);
				INFOPLIST_FILE = "CrazyRabbiterTests/CrazyRabbiterTests-Info.plist";
				PRODUCT_NAME = "$(TARGET_NAME)";
				TEST_HOST = "$(BUNDLE_LOADER)";
				WRAPPER_EXTENSION = xctest;
			};
			name = Debug;
		};
		046DFAEB19D65E3D0012AFBA /* Release */ = {
			isa = XCBuildConfiguration;
			buildSettings = {
				BUNDLE_LOADER = "$(BUILT_PRODUCTS_DIR)/CrazyRabbiter.app/CrazyRabbiter";
				FRAMEWORK_SEARCH_PATHS = (
					"$(SDKROOT)/Developer/Library/Frameworks",
					"$(inherited)",
					"$(DEVELOPER_FRAMEWORKS_DIR)",
				);
				GCC_PRECOMPILE_PREFIX_HEADER = YES;
				GCC_PREFIX_HEADER = "CrazyRabbiter/CrazyRabbiter-Prefix.pch";
				INFOPLIST_FILE = "CrazyRabbiterTests/CrazyRabbiterTests-Info.plist";
				PRODUCT_NAME = "$(TARGET_NAME)";
				TEST_HOST = "$(BUNDLE_LOADER)";
				WRAPPER_EXTENSION = xctest;
			};
			name = Release;
		};
/* End XCBuildConfiguration section */

/* Begin XCConfigurationList section */
		046DFAAC19D65E3D0012AFBA /* Build configuration list for PBXProject "CrazyRabbiter" */ = {
			isa = XCConfigurationList;
			buildConfigurations = (
				046DFAE419D65E3D0012AFBA /* Debug */,
				046DFAE519D65E3D0012AFBA /* Release */,
			);
			defaultConfigurationIsVisible = 0;
			defaultConfigurationName = Release;
		};
		046DFAE619D65E3D0012AFBA /* Build configuration list for PBXNativeTarget "CrazyRabbiter" */ = {
			isa = XCConfigurationList;
			buildConfigurations = (
				046DFAE719D65E3D0012AFBA /* Debug */,
				046DFAE819D65E3D0012AFBA /* Release */,
			);
			defaultConfigurationIsVisible = 0;
			defaultConfigurationName = Release;
		};
		046DFAE919D65E3D0012AFBA /* Build configuration list for PBXNativeTarget "CrazyRabbiterTests" */ = {
			isa = XCConfigurationList;
			buildConfigurations = (
				046DFAEA19D65E3D0012AFBA /* Debug */,
				046DFAEB19D65E3D0012AFBA /* Release */,
			);
			defaultConfigurationIsVisible = 0;
			defaultConfigurationName = Release;
		};
/* End XCConfigurationList section */
	};
	rootObject = 046DFAA919D65E3D0012AFBA /* Project object */;
}
